// !$*UTF8*$!
{
	archiveVersion = 1;
	classes = {
	};
	objectVersion = 50;
	objects = {

/* Begin PBXBuildFile section */
		C30B8DAF25721464007CF79D /* AppDelegate.swift in Sources */ = {isa = PBXBuildFile; fileRef = C30B8DAE25721464007CF79D /* AppDelegate.swift */; };
		C30B8DB125721464007CF79D /* SceneDelegate.swift in Sources */ = {isa = PBXBuildFile; fileRef = C30B8DB025721464007CF79D /* SceneDelegate.swift */; };
		C30B8DB325721464007CF79D /* ContentView.swift in Sources */ = {isa = PBXBuildFile; fileRef = C30B8DB225721464007CF79D /* ContentView.swift */; };
		C30B8DB525721466007CF79D /* Assets.xcassets in Resources */ = {isa = PBXBuildFile; fileRef = C30B8DB425721466007CF79D /* Assets.xcassets */; };
		C30B8DB825721466007CF79D /* Preview Assets.xcassets in Resources */ = {isa = PBXBuildFile; fileRef = C30B8DB725721466007CF79D /* Preview Assets.xcassets */; };
		C30B8DBB25721466007CF79D /* LaunchScreen.storyboard in Resources */ = {isa = PBXBuildFile; fileRef = C30B8DB925721466007CF79D /* LaunchScreen.storyboard */; };
		C30B8DC5257214CB007CF79D /* BasicText.swift in Sources */ = {isa = PBXBuildFile; fileRef = C30B8DC4257214CB007CF79D /* BasicText.swift */; };
		C30B8DC825721535007CF79D /* BasicTextField.swift in Sources */ = {isa = PBXBuildFile; fileRef = C30B8DC725721535007CF79D /* BasicTextField.swift */; };
		C30B8DCB2572155D007CF79D /* BasicButton.swift in Sources */ = {isa = PBXBuildFile; fileRef = C30B8DCA2572155D007CF79D /* BasicButton.swift */; };
		C30B8DCE25727127007CF79D /* BasicSpacer.swift in Sources */ = {isa = PBXBuildFile; fileRef = C30B8DCD25727127007CF79D /* BasicSpacer.swift */; };
		C30B8DD125727270007CF79D /* BasicDivider.swift in Sources */ = {isa = PBXBuildFile; fileRef = C30B8DD025727270007CF79D /* BasicDivider.swift */; };
		C30B8DD425727412007CF79D /* BasicImage.swift in Sources */ = {isa = PBXBuildFile; fileRef = C30B8DD325727412007CF79D /* BasicImage.swift */; };
		C30B8DD725727BEA007CF79D /* BasicPicker.swift in Sources */ = {isa = PBXBuildFile; fileRef = C30B8DD625727BEA007CF79D /* BasicPicker.swift */; };
/* End PBXBuildFile section */

/* Begin PBXFileReference section */
		C30B8DAB25721464007CF79D /* SHSwiftUICode.app */ = {isa = PBXFileReference; explicitFileType = wrapper.application; includeInIndex = 0; path = SHSwiftUICode.app; sourceTree = BUILT_PRODUCTS_DIR; };
		C30B8DAE25721464007CF79D /* AppDelegate.swift */ = {isa = PBXFileReference; lastKnownFileType = sourcecode.swift; path = AppDelegate.swift; sourceTree = "<group>"; };
		C30B8DB025721464007CF79D /* SceneDelegate.swift */ = {isa = PBXFileReference; lastKnownFileType = sourcecode.swift; path = SceneDelegate.swift; sourceTree = "<group>"; };
		C30B8DB225721464007CF79D /* ContentView.swift */ = {isa = PBXFileReference; lastKnownFileType = sourcecode.swift; path = ContentView.swift; sourceTree = "<group>"; };
		C30B8DB425721466007CF79D /* Assets.xcassets */ = {isa = PBXFileReference; lastKnownFileType = folder.assetcatalog; path = Assets.xcassets; sourceTree = "<group>"; };
		C30B8DB725721466007CF79D /* Preview Assets.xcassets */ = {isa = PBXFileReference; lastKnownFileType = folder.assetcatalog; path = "Preview Assets.xcassets"; sourceTree = "<group>"; };
		C30B8DBA25721466007CF79D /* Base */ = {isa = PBXFileReference; lastKnownFileType = file.storyboard; name = Base; path = Base.lproj/LaunchScreen.storyboard; sourceTree = "<group>"; };
		C30B8DBC25721466007CF79D /* Info.plist */ = {isa = PBXFileReference; lastKnownFileType = text.plist.xml; path = Info.plist; sourceTree = "<group>"; };
		C30B8DC4257214CB007CF79D /* BasicText.swift */ = {isa = PBXFileReference; lastKnownFileType = sourcecode.swift; path = BasicText.swift; sourceTree = "<group>"; };
		C30B8DC725721535007CF79D /* BasicTextField.swift */ = {isa = PBXFileReference; lastKnownFileType = sourcecode.swift; path = BasicTextField.swift; sourceTree = "<group>"; };
		C30B8DCA2572155D007CF79D /* BasicButton.swift */ = {isa = PBXFileReference; lastKnownFileType = sourcecode.swift; path = BasicButton.swift; sourceTree = "<group>"; };
		C30B8DCD25727127007CF79D /* BasicSpacer.swift */ = {isa = PBXFileReference; lastKnownFileType = sourcecode.swift; path = BasicSpacer.swift; sourceTree = "<group>"; };
		C30B8DD025727270007CF79D /* BasicDivider.swift */ = {isa = PBXFileReference; lastKnownFileType = sourcecode.swift; path = BasicDivider.swift; sourceTree = "<group>"; };
		C30B8DD325727412007CF79D /* BasicImage.swift */ = {isa = PBXFileReference; lastKnownFileType = sourcecode.swift; path = BasicImage.swift; sourceTree = "<group>"; };
		C30B8DD625727BEA007CF79D /* BasicPicker.swift */ = {isa = PBXFileReference; lastKnownFileType = sourcecode.swift; path = BasicPicker.swift; sourceTree = "<group>"; };
/* End PBXFileReference section */

/* Begin PBXFrameworksBuildPhase section */
		C30B8DA825721464007CF79D /* Frameworks */ = {
			isa = PBXFrameworksBuildPhase;
			buildActionMask = 2147483647;
			files = (
			);
			runOnlyForDeploymentPostprocessing = 0;
		};
/* End PBXFrameworksBuildPhase section */

/* Begin PBXGroup section */
		C30B8DA225721464007CF79D = {
			isa = PBXGroup;
			children = (
				C30B8DAD25721464007CF79D /* SHSwiftUICode */,
				C30B8DAC25721464007CF79D /* Products */,
			);
			sourceTree = "<group>";
		};
		C30B8DAC25721464007CF79D /* Products */ = {
			isa = PBXGroup;
			children = (
				C30B8DAB25721464007CF79D /* SHSwiftUICode.app */,
			);
			name = Products;
			sourceTree = "<group>";
		};
		C30B8DAD25721464007CF79D /* SHSwiftUICode */ = {
			isa = PBXGroup;
			children = (
				C30B8DC3257214B0007CF79D /* Basic */,
				C30B8DAE25721464007CF79D /* AppDelegate.swift */,
				C30B8DB025721464007CF79D /* SceneDelegate.swift */,
				C30B8DB225721464007CF79D /* ContentView.swift */,
				C30B8DB425721466007CF79D /* Assets.xcassets */,
				C30B8DB925721466007CF79D /* LaunchScreen.storyboard */,
				C30B8DBC25721466007CF79D /* Info.plist */,
				C30B8DB625721466007CF79D /* Preview Content */,
			);
			path = SHSwiftUICode;
			sourceTree = "<group>";
		};
		C30B8DB625721466007CF79D /* Preview Content */ = {
			isa = PBXGroup;
			children = (
				C30B8DB725721466007CF79D /* Preview Assets.xcassets */,
			);
			path = "Preview Content";
			sourceTree = "<group>";
		};
		C30B8DC3257214B0007CF79D /* Basic */ = {
			isa = PBXGroup;
			children = (
				C30B8DC4257214CB007CF79D /* BasicText.swift */,
				C30B8DC725721535007CF79D /* BasicTextField.swift */,
				C30B8DCA2572155D007CF79D /* BasicButton.swift */,
				C30B8DCD25727127007CF79D /* BasicSpacer.swift */,
				C30B8DD025727270007CF79D /* BasicDivider.swift */,
				C30B8DD325727412007CF79D /* BasicImage.swift */,
				C30B8DD625727BEA007CF79D /* BasicPicker.swift */,
			);
			path = Basic;
			sourceTree = "<group>";
		};
/* End PBXGroup section */

/* Begin PBXNativeTarget section */
		C30B8DAA25721464007CF79D /* SHSwiftUICode */ = {
			isa = PBXNativeTarget;
			buildConfigurationList = C30B8DBF25721466007CF79D /* Build configuration list for PBXNativeTarget "SHSwiftUICode" */;
			buildPhases = (
				C30B8DA725721464007CF79D /* Sources */,
				C30B8DA825721464007CF79D /* Frameworks */,
				C30B8DA925721464007CF79D /* Resources */,
			);
			buildRules = (
			);
			dependencies = (
			);
			name = SHSwiftUICode;
			productName = SHSwiftUICode;
			productReference = C30B8DAB25721464007CF79D /* SHSwiftUICode.app */;
			productType = "com.apple.product-type.application";
		};
/* End PBXNativeTarget section */

/* Begin PBXProject section */
		C30B8DA325721464007CF79D /* Project object */ = {
			isa = PBXProject;
			attributes = {
				LastSwiftUpdateCheck = 1220;
				LastUpgradeCheck = 1220;
				TargetAttributes = {
					C30B8DAA25721464007CF79D = {
						CreatedOnToolsVersion = 12.2;
					};
				};
			};
			buildConfigurationList = C30B8DA625721464007CF79D /* Build configuration list for PBXProject "SHSwiftUICode" */;
			compatibilityVersion = "Xcode 9.3";
			developmentRegion = en;
			hasScannedForEncodings = 0;
			knownRegions = (
				en,
				Base,
			);
			mainGroup = C30B8DA225721464007CF79D;
			productRefGroup = C30B8DAC25721464007CF79D /* Products */;
			projectDirPath = "";
			projectRoot = "";
			targets = (
				C30B8DAA25721464007CF79D /* SHSwiftUICode */,
			);
		};
/* End PBXProject section */

/* Begin PBXResourcesBuildPhase section */
		C30B8DA925721464007CF79D /* Resources */ = {
			isa = PBXResourcesBuildPhase;
			buildActionMask = 2147483647;
			files = (
				C30B8DBB25721466007CF79D /* LaunchScreen.storyboard in Resources */,
				C30B8DB825721466007CF79D /* Preview Assets.xcassets in Resources */,
				C30B8DB525721466007CF79D /* Assets.xcassets in Resources */,
			);
			runOnlyForDeploymentPostprocessing = 0;
		};
/* End PBXResourcesBuildPhase section */

/* Begin PBXSourcesBuildPhase section */
		C30B8DA725721464007CF79D /* Sources */ = {
			isa = PBXSourcesBuildPhase;
			buildActionMask = 2147483647;
			files = (
				C30B8DCB2572155D007CF79D /* BasicButton.swift in Sources */,
				C30B8DCE25727127007CF79D /* BasicSpacer.swift in Sources */,
				C30B8DAF25721464007CF79D /* AppDelegate.swift in Sources */,
				C30B8DC5257214CB007CF79D /* BasicText.swift in Sources */,
				C30B8DD425727412007CF79D /* BasicImage.swift in Sources */,
				C30B8DB125721464007CF79D /* SceneDelegate.swift in Sources */,
				C30B8DD725727BEA007CF79D /* BasicPicker.swift in Sources */,
				C30B8DB325721464007CF79D /* ContentView.swift in Sources */,
				C30B8DD125727270007CF79D /* BasicDivider.swift in Sources */,
				C30B8DC825721535007CF79D /* BasicTextField.swift in Sources */,
			);
			runOnlyForDeploymentPostprocessing = 0;
		};
/* End PBXSourcesBuildPhase section */

/* Begin PBXVariantGroup section */
		C30B8DB925721466007CF79D /* LaunchScreen.storyboard */ = {
			isa = PBXVariantGroup;
			children = (
				C30B8DBA25721466007CF79D /* Base */,
			);
			name = LaunchScreen.storyboard;
			sourceTree = "<group>";
		};
/* End PBXVariantGroup section */

/* Begin XCBuildConfiguration section */
		C30B8DBD25721466007CF79D /* Debug */ = {
			isa = XCBuildConfiguration;
			buildSettings = {
				ALWAYS_SEARCH_USER_PATHS = NO;
				CLANG_ANALYZER_NONNULL = YES;
				CLANG_ANALYZER_NUMBER_OBJECT_CONVERSION = YES_AGGRESSIVE;
				CLANG_CXX_LANGUAGE_STANDARD = "gnu++14";
				CLANG_CXX_LIBRARY = "libc++";
				CLANG_ENABLE_MODULES = YES;
				CLANG_ENABLE_OBJC_ARC = YES;
				CLANG_ENABLE_OBJC_WEAK = YES;
				CLANG_WARN_BLOCK_CAPTURE_AUTORELEASING = YES;
				CLANG_WARN_BOOL_CONVERSION = YES;
				CLANG_WARN_COMMA = YES;
				CLANG_WARN_CONSTANT_CONVERSION = YES;
				CLANG_WARN_DEPRECATED_OBJC_IMPLEMENTATIONS = YES;
				CLANG_WARN_DIRECT_OBJC_ISA_USAGE = YES_ERROR;
				CLANG_WARN_DOCUMENTATION_COMMENTS = YES;
				CLANG_WARN_EMPTY_BODY = YES;
				CLANG_WARN_ENUM_CONVERSION = YES;
				CLANG_WARN_INFINITE_RECURSION = YES;
				CLANG_WARN_INT_CONVERSION = YES;
				CLANG_WARN_NON_LITERAL_NULL_CONVERSION = YES;
				CLANG_WARN_OBJC_IMPLICIT_RETAIN_SELF = YES;
				CLANG_WARN_OBJC_LITERAL_CONVERSION = YES;
				CLANG_WARN_OBJC_ROOT_CLASS = YES_ERROR;
				CLANG_WARN_QUOTED_INCLUDE_IN_FRAMEWORK_HEADER = YES;
				CLANG_WARN_RANGE_LOOP_ANALYSIS = YES;
				CLANG_WARN_STRICT_PROTOTYPES = YES;
				CLANG_WARN_SUSPICIOUS_MOVE = YES;
				CLANG_WARN_UNGUARDED_AVAILABILITY = YES_AGGRESSIVE;
				CLANG_WARN_UNREACHABLE_CODE = YES;
				CLANG_WARN__DUPLICATE_METHOD_MATCH = YES;
				COPY_PHASE_STRIP = NO;
				DEBUG_INFORMATION_FORMAT = dwarf;
				ENABLE_STRICT_OBJC_MSGSEND = YES;
				ENABLE_TESTABILITY = YES;
				GCC_C_LANGUAGE_STANDARD = gnu11;
				GCC_DYNAMIC_NO_PIC = NO;
				GCC_NO_COMMON_BLOCKS = YES;
				GCC_OPTIMIZATION_LEVEL = 0;
				GCC_PREPROCESSOR_DEFINITIONS = (
					"DEBUG=1",
					"$(inherited)",
				);
				GCC_WARN_64_TO_32_BIT_CONVERSION = YES;
				GCC_WARN_ABOUT_RETURN_TYPE = YES_ERROR;
				GCC_WARN_UNDECLARED_SELECTOR = YES;
				GCC_WARN_UNINITIALIZED_AUTOS = YES_AGGRESSIVE;
				GCC_WARN_UNUSED_FUNCTION = YES;
				GCC_WARN_UNUSED_VARIABLE = YES;
				IPHONEOS_DEPLOYMENT_TARGET = 13.0;
				MTL_ENABLE_DEBUG_INFO = INCLUDE_SOURCE;
				MTL_FAST_MATH = YES;
				ONLY_ACTIVE_ARCH = YES;
				SDKROOT = iphoneos;
				SWIFT_ACTIVE_COMPILATION_CONDITIONS = DEBUG;
				SWIFT_OPTIMIZATION_LEVEL = "-Onone";
			};
			name = Debug;
		};
		C30B8DBE25721466007CF79D /* Release */ = {
			isa = XCBuildConfiguration;
			buildSettings = {
				ALWAYS_SEARCH_USER_PATHS = NO;
				CLANG_ANALYZER_NONNULL = YES;
				CLANG_ANALYZER_NUMBER_OBJECT_CONVERSION = YES_AGGRESSIVE;
				CLANG_CXX_LANGUAGE_STANDARD = "gnu++14";
				CLANG_CXX_LIBRARY = "libc++";
				CLANG_ENABLE_MODULES = YES;
				CLANG_ENABLE_OBJC_ARC = YES;
				CLANG_ENABLE_OBJC_WEAK = YES;
				CLANG_WARN_BLOCK_CAPTURE_AUTORELEASING = YES;
				CLANG_WARN_BOOL_CONVERSION = YES;
				CLANG_WARN_COMMA = YES;
				CLANG_WARN_CONSTANT_CONVERSION = YES;
				CLANG_WARN_DEPRECATED_OBJC_IMPLEMENTATIONS = YES;
				CLANG_WARN_DIRECT_OBJC_ISA_USAGE = YES_ERROR;
				CLANG_WARN_DOCUMENTATION_COMMENTS = YES;
				CLANG_WARN_EMPTY_BODY = YES;
				CLANG_WARN_ENUM_CONVERSION = YES;
				CLANG_WARN_INFINITE_RECURSION = YES;
				CLANG_WARN_INT_CONVERSION = YES;
				CLANG_WARN_NON_LITERAL_NULL_CONVERSION = YES;
				CLANG_WARN_OBJC_IMPLICIT_RETAIN_SELF = YES;
				CLANG_WARN_OBJC_LITERAL_CONVERSION = YES;
				CLANG_WARN_OBJC_ROOT_CLASS = YES_ERROR;
				CLANG_WARN_QUOTED_INCLUDE_IN_FRAMEWORK_HEADER = YES;
				CLANG_WARN_RANGE_LOOP_ANALYSIS = YES;
				CLANG_WARN_STRICT_PROTOTYPES = YES;
				CLANG_WARN_SUSPICIOUS_MOVE = YES;
				CLANG_WARN_UNGUARDED_AVAILABILITY = YES_AGGRESSIVE;
				CLANG_WARN_UNREACHABLE_CODE = YES;
				CLANG_WARN__DUPLICATE_METHOD_MATCH = YES;
				COPY_PHASE_STRIP = NO;
				DEBUG_INFORMATION_FORMAT = "dwarf-with-dsym";
				ENABLE_NS_ASSERTIONS = NO;
				ENABLE_STRICT_OBJC_MSGSEND = YES;
				GCC_C_LANGUAGE_STANDARD = gnu11;
				GCC_NO_COMMON_BLOCKS = YES;
				GCC_WARN_64_TO_32_BIT_CONVERSION = YES;
				GCC_WARN_ABOUT_RETURN_TYPE = YES_ERROR;
				GCC_WARN_UNDECLARED_SELECTOR = YES;
				GCC_WARN_UNINITIALIZED_AUTOS = YES_AGGRESSIVE;
				GCC_WARN_UNUSED_FUNCTION = YES;
				GCC_WARN_UNUSED_VARIABLE = YES;
				IPHONEOS_DEPLOYMENT_TARGET = 13.0;
				MTL_ENABLE_DEBUG_INFO = NO;
				MTL_FAST_MATH = YES;
				SDKROOT = iphoneos;
				SWIFT_COMPILATION_MODE = wholemodule;
				SWIFT_OPTIMIZATION_LEVEL = "-O";
				VALIDATE_PRODUCT = YES;
			};
			name = Release;
		};
		C30B8DC025721466007CF79D /* Debug */ = {
			isa = XCBuildConfiguration;
			buildSettings = {
				ASSETCATALOG_COMPILER_APPICON_NAME = AppIcon;
				ASSETCATALOG_COMPILER_GLOBAL_ACCENT_COLOR_NAME = AccentColor;
				CODE_SIGN_STYLE = Automatic;
				DEVELOPMENT_ASSET_PATHS = "\"SHSwiftUICode/Preview Content\"";
				DEVELOPMENT_TEAM = DU98VK6D82;
				ENABLE_PREVIEWS = YES;
				INFOPLIST_FILE = SHSwiftUICode/Info.plist;
				LD_RUNPATH_SEARCH_PATHS = (
					"$(inherited)",
					"@executable_path/Frameworks",
				);
				PRODUCT_BUNDLE_IDENTIFIER = com.swein.swiftuicode.SHSwiftUICode;
				PRODUCT_NAME = "$(TARGET_NAME)";
				SWIFT_VERSION = 5.0;
				TARGETED_DEVICE_FAMILY = "1,2";
			};
			name = Debug;
		};
		C30B8DC125721466007CF79D /* Release */ = {
			isa = XCBuildConfiguration;
			buildSettings = {
				ASSETCATALOG_COMPILER_APPICON_NAME = AppIcon;
				ASSETCATALOG_COMPILER_GLOBAL_ACCENT_COLOR_NAME = AccentColor;
				CODE_SIGN_STYLE = Automatic;
				DEVELOPMENT_ASSET_PATHS = "\"SHSwiftUICode/Preview Content\"";
				DEVELOPMENT_TEAM = DU98VK6D82;
				ENABLE_PREVIEWS = YES;
				INFOPLIST_FILE = SHSwiftUICode/Info.plist;
				LD_RUNPATH_SEARCH_PATHS = (
					"$(inherited)",
					"@executable_path/Frameworks",
				);
				PRODUCT_BUNDLE_IDENTIFIER = com.swein.swiftuicode.SHSwiftUICode;
				PRODUCT_NAME = "$(TARGET_NAME)";
				SWIFT_VERSION = 5.0;
				TARGETED_DEVICE_FAMILY = "1,2";
			};
			name = Release;
		};
/* End XCBuildConfiguration section */

/* Begin XCConfigurationList section */
		C30B8DA625721464007CF79D /* Build configuration list for PBXProject "SHSwiftUICode" */ = {
			isa = XCConfigurationList;
			buildConfigurations = (
				C30B8DBD25721466007CF79D /* Debug */,
				C30B8DBE25721466007CF79D /* Release */,
			);
			defaultConfigurationIsVisible = 0;
			defaultConfigurationName = Release;
		};
		C30B8DBF25721466007CF79D /* Build configuration list for PBXNativeTarget "SHSwiftUICode" */ = {
			isa = XCConfigurationList;
			buildConfigurations = (
				C30B8DC025721466007CF79D /* Debug */,
				C30B8DC125721466007CF79D /* Release */,
			);
			defaultConfigurationIsVisible = 0;
			defaultConfigurationName = Release;
		};
/* End XCConfigurationList section */
	};
	rootObject = C30B8DA325721464007CF79D /* Project object */;
}
