// !$*UTF8*$!
{
	archiveVersion = 1;
	classes = {
	};
	objectVersion = 55;
	objects = {

/* Begin PBXBuildFile section */
		5608285327951B1300FF3E54 /* DemoListItemView.swift in Sources */ = {isa = PBXBuildFile; fileRef = 5608285227951B1300FF3E54 /* DemoListItemView.swift */; };
		5608285627951EB400FF3E54 /* DemoModel.swift in Sources */ = {isa = PBXBuildFile; fileRef = 5608285527951EB400FF3E54 /* DemoModel.swift */; };
		5608285827952E2600FF3E54 /* DemoListView.swift in Sources */ = {isa = PBXBuildFile; fileRef = 5608285727952E2600FF3E54 /* DemoListView.swift */; };
		5608285C27953C8700FF3E54 /* TextExample.swift in Sources */ = {isa = PBXBuildFile; fileRef = 5608285B27953C8700FF3E54 /* TextExample.swift */; };
		5608286227955CE800FF3E54 /* DemoViewModel.swift in Sources */ = {isa = PBXBuildFile; fileRef = 5608286127955CE800FF3E54 /* DemoViewModel.swift */; };
		561C72B4279A8BEC001440F5 /* ProgressExample.swift in Sources */ = {isa = PBXBuildFile; fileRef = 561C72B3279A8BEC001440F5 /* ProgressExample.swift */; };
		561C72B7279A9102001440F5 /* PickerExample.swift in Sources */ = {isa = PBXBuildFile; fileRef = 561C72B6279A9101001440F5 /* PickerExample.swift */; };
		561C72B9279A96D2001440F5 /* ColorPickerExample.swift in Sources */ = {isa = PBXBuildFile; fileRef = 561C72B8279A96D2001440F5 /* ColorPickerExample.swift */; };
		561C72BB279A979F001440F5 /* DatePickerExample.swift in Sources */ = {isa = PBXBuildFile; fileRef = 561C72BA279A979F001440F5 /* DatePickerExample.swift */; };
		561C72BE279AA00C001440F5 /* GroupBoxExample.swift in Sources */ = {isa = PBXBuildFile; fileRef = 561C72BD279AA00C001440F5 /* GroupBoxExample.swift */; };
		561C72C0279AA0CB001440F5 /* DisclosureGroupExample.swift in Sources */ = {isa = PBXBuildFile; fileRef = 561C72BF279AA0CB001440F5 /* DisclosureGroupExample.swift */; };
		561C72C3279AA219001440F5 /* OutlineGroupExample.swift in Sources */ = {isa = PBXBuildFile; fileRef = 561C72C2279AA219001440F5 /* OutlineGroupExample.swift */; };
		561C72C6279AA6D9001440F5 /* ListExample.swift in Sources */ = {isa = PBXBuildFile; fileRef = 561C72C5279AA6D9001440F5 /* ListExample.swift */; };
		566602A0279947F70023BE4C /* ToggleExample.swift in Sources */ = {isa = PBXBuildFile; fileRef = 5666029F279947F70023BE4C /* ToggleExample.swift */; };
		566602A32799493F0023BE4C /* StepperExample.swift in Sources */ = {isa = PBXBuildFile; fileRef = 566602A22799493F0023BE4C /* StepperExample.swift */; };
		566602A627994AB20023BE4C /* SliderExample.swift in Sources */ = {isa = PBXBuildFile; fileRef = 566602A527994AB20023BE4C /* SliderExample.swift */; };
		566C77F027FD4715003DFAFE /* IIStack.swift in Sources */ = {isa = PBXBuildFile; fileRef = 566C77EF27FD4715003DFAFE /* IIStack.swift */; };
		566C77F227FD600B003DFAFE /* IIStackHomework.swift in Sources */ = {isa = PBXBuildFile; fileRef = 566C77F127FD600B003DFAFE /* IIStackHomework.swift */; };
		566C77F527FD79F2003DFAFE /* IIISimpleTable.swift in Sources */ = {isa = PBXBuildFile; fileRef = 566C77F427FD79F1003DFAFE /* IIISimpleTable.swift */; };
		566C77F827FD7ED3003DFAFE /* IVFoodPin.swift in Sources */ = {isa = PBXBuildFile; fileRef = 566C77F727FD7ED3003DFAFE /* IVFoodPin.swift */; };
		567D9D6A2797F4980024F8EE /* TextEditorExample.swift in Sources */ = {isa = PBXBuildFile; fileRef = 567D9D692797F4980024F8EE /* TextEditorExample.swift */; };
		567D9D6D2797F7AA0024F8EE /* TextFieldExample.swift in Sources */ = {isa = PBXBuildFile; fileRef = 567D9D6C2797F7AA0024F8EE /* TextFieldExample.swift */; };
		567D9D6F2798066E0024F8EE /* SecureFieldExample.swift in Sources */ = {isa = PBXBuildFile; fileRef = 567D9D6E2798066E0024F8EE /* SecureFieldExample.swift */; };
		567D9D722798090D0024F8EE /* LinkExample.swift in Sources */ = {isa = PBXBuildFile; fileRef = 567D9D712798090D0024F8EE /* LinkExample.swift */; };
		56AAB21827969B92004E8130 /* Debug.swift in Sources */ = {isa = PBXBuildFile; fileRef = 56AAB21727969B92004E8130 /* Debug.swift */; };
		56AAB21C2796A819004E8130 /* ButtonExample.swift in Sources */ = {isa = PBXBuildFile; fileRef = 56AAB21B2796A819004E8130 /* ButtonExample.swift */; };
		56AAB21F2796AE2A004E8130 /* LabelExample.swift in Sources */ = {isa = PBXBuildFile; fileRef = 56AAB21E2796AE2A004E8130 /* LabelExample.swift */; };
		56C67A7727A3B3010058A330 /* SectionExample.swift in Sources */ = {isa = PBXBuildFile; fileRef = 56C67A7627A3B3010058A330 /* SectionExample.swift */; };
		56C67A7A27A3B42A0058A330 /* ScrollViewExample.swift in Sources */ = {isa = PBXBuildFile; fileRef = 56C67A7927A3B42A0058A330 /* ScrollViewExample.swift */; };
		56C67A7D27A3B5960058A330 /* FormExample.swift in Sources */ = {isa = PBXBuildFile; fileRef = 56C67A7C27A3B5960058A330 /* FormExample.swift */; };
		56C67A8027A3B88A0058A330 /* EditButtonExample.swift in Sources */ = {isa = PBXBuildFile; fileRef = 56C67A7F27A3B88A0058A330 /* EditButtonExample.swift */; };
		56C67A8327A3BA4D0058A330 /* NavigationViewExample.swift in Sources */ = {isa = PBXBuildFile; fileRef = 56C67A8227A3BA4D0058A330 /* NavigationViewExample.swift */; };
		56C67A8627A3BA930058A330 /* NavigationLinkExample.swift in Sources */ = {isa = PBXBuildFile; fileRef = 56C67A8527A3BA930058A330 /* NavigationLinkExample.swift */; };
		56C67A8B27A3BBB90058A330 /* VStackExample.swift in Sources */ = {isa = PBXBuildFile; fileRef = 56C67A8A27A3BBB90058A330 /* VStackExample.swift */; };
		56C67A8E27A3BF8B0058A330 /* HStackExample.swift in Sources */ = {isa = PBXBuildFile; fileRef = 56C67A8D27A3BF8B0058A330 /* HStackExample.swift */; };
		56C67A9127A3C1B60058A330 /* ZStackExample.swift in Sources */ = {isa = PBXBuildFile; fileRef = 56C67A9027A3C1B60058A330 /* ZStackExample.swift */; };
		56C67A9527A3C69E0058A330 /* LazyVStackExample.swift in Sources */ = {isa = PBXBuildFile; fileRef = 56C67A9427A3C69E0058A330 /* LazyVStackExample.swift */; };
		56C67A9727A3C7BC0058A330 /* LazyHStackExample.swift in Sources */ = {isa = PBXBuildFile; fileRef = 56C67A9627A3C7BC0058A330 /* LazyHStackExample.swift */; };
		56C67A9927A3C7E80058A330 /* LazyVGridExample.swift in Sources */ = {isa = PBXBuildFile; fileRef = 56C67A9827A3C7E80058A330 /* LazyVGridExample.swift */; };
		56C67A9B27A3C9C60058A330 /* LazyHGridExample.swift in Sources */ = {isa = PBXBuildFile; fileRef = 56C67A9A27A3C9C60058A330 /* LazyHGridExample.swift */; };
		56C67A9E27A3CB030058A330 /* SpacerExample.swift in Sources */ = {isa = PBXBuildFile; fileRef = 56C67A9D27A3CB030058A330 /* SpacerExample.swift */; };
		56C67AA127A3CBB40058A330 /* ScrollViewReaderExample.swift in Sources */ = {isa = PBXBuildFile; fileRef = 56C67AA027A3CBB40058A330 /* ScrollViewReaderExample.swift */; };
		56C67AA427A3CCB00058A330 /* GeometryReaderExample.swift in Sources */ = {isa = PBXBuildFile; fileRef = 56C67AA327A3CCB00058A330 /* GeometryReaderExample.swift */; };
		56C67AA727A3CD260058A330 /* EmptyViewExample.swift in Sources */ = {isa = PBXBuildFile; fileRef = 56C67AA627A3CD260058A330 /* EmptyViewExample.swift */; };
		56C67AA927A3CDA40058A330 /* DividerExample.swift in Sources */ = {isa = PBXBuildFile; fileRef = 56C67AA827A3CDA40058A330 /* DividerExample.swift */; };
		56C67AAB27A3CE060058A330 /* ShapesExample.swift in Sources */ = {isa = PBXBuildFile; fileRef = 56C67AAA27A3CE060058A330 /* ShapesExample.swift */; };
		56C67AAD27A3CECD0058A330 /* MenuExample.swift in Sources */ = {isa = PBXBuildFile; fileRef = 56C67AAC27A3CECD0058A330 /* MenuExample.swift */; };
		56C67AB027A3CF620058A330 /* AngularGradientExample.swift in Sources */ = {isa = PBXBuildFile; fileRef = 56C67AAF27A3CF620058A330 /* AngularGradientExample.swift */; };
		56C67AB227A3CF870058A330 /* LinearGradientExample.swift in Sources */ = {isa = PBXBuildFile; fileRef = 56C67AB127A3CF870058A330 /* LinearGradientExample.swift */; };
		56C67AB427A3CFB00058A330 /* RadialGradientExample.swift in Sources */ = {isa = PBXBuildFile; fileRef = 56C67AB327A3CFB00058A330 /* RadialGradientExample.swift */; };
		56C67AB627A3D0030058A330 /* BasicContentView.swift in Sources */ = {isa = PBXBuildFile; fileRef = 56C67AB527A3D0030058A330 /* BasicContentView.swift */; };
		C30306E42792C2CC00800B2F /* DemoDetailView.swift in Sources */ = {isa = PBXBuildFile; fileRef = C30306E32792C2CC00800B2F /* DemoDetailView.swift */; };
		C325B2ED27A504560039AAB2 /* PropertyExample.swift in Sources */ = {isa = PBXBuildFile; fileRef = C325B2EC27A504560039AAB2 /* PropertyExample.swift */; };
		C325B2F227A50CA00039AAB2 /* StateExample.swift in Sources */ = {isa = PBXBuildFile; fileRef = C325B2F127A50CA00039AAB2 /* StateExample.swift */; };
		C325B2F427A520190039AAB2 /* BindingExample.swift in Sources */ = {isa = PBXBuildFile; fileRef = C325B2F327A520190039AAB2 /* BindingExample.swift */; };
		C325B2F727A522610039AAB2 /* ObservedObjectExample.swift in Sources */ = {isa = PBXBuildFile; fileRef = C325B2F627A522610039AAB2 /* ObservedObjectExample.swift */; };
		C325B2FA27A522E50039AAB2 /* Developer.swift in Sources */ = {isa = PBXBuildFile; fileRef = C325B2F927A522E50039AAB2 /* Developer.swift */; };
		C325B2FD27A525A10039AAB2 /* EnvironmentObjectExample.swift in Sources */ = {isa = PBXBuildFile; fileRef = C325B2FC27A525A10039AAB2 /* EnvironmentObjectExample.swift */; };
		C325B2FF27A525E60039AAB2 /* DevelopmentSubject.swift in Sources */ = {isa = PBXBuildFile; fileRef = C325B2FE27A525E60039AAB2 /* DevelopmentSubject.swift */; };
		C325B30227A532610039AAB2 /* EnvironmentExample.swift in Sources */ = {isa = PBXBuildFile; fileRef = C325B30127A532610039AAB2 /* EnvironmentExample.swift */; };
		C36CBCBC27FC82590078A35C /* IHelloWorld.swift in Sources */ = {isa = PBXBuildFile; fileRef = C36CBCBB27FC82590078A35C /* IHelloWorld.swift */; };
		C3DB211C279295AD004A94F3 /* SHSwiftUICodeApp.swift in Sources */ = {isa = PBXBuildFile; fileRef = C3DB211B279295AD004A94F3 /* SHSwiftUICodeApp.swift */; };
		C3DB2120279295AE004A94F3 /* Assets.xcassets in Resources */ = {isa = PBXBuildFile; fileRef = C3DB211F279295AE004A94F3 /* Assets.xcassets */; };
		C3DB2123279295AE004A94F3 /* Preview Assets.xcassets in Resources */ = {isa = PBXBuildFile; fileRef = C3DB2122279295AE004A94F3 /* Preview Assets.xcassets */; };
		C3DB212B27929CCD004A94F3 /* MainContentView.swift in Sources */ = {isa = PBXBuildFile; fileRef = C3DB212A27929CCD004A94F3 /* MainContentView.swift */; };
/* End PBXBuildFile section */

/* Begin PBXFileReference section */
		5608285227951B1300FF3E54 /* DemoListItemView.swift */ = {isa = PBXFileReference; lastKnownFileType = sourcecode.swift; path = DemoListItemView.swift; sourceTree = "<group>"; };
		5608285527951EB400FF3E54 /* DemoModel.swift */ = {isa = PBXFileReference; lastKnownFileType = sourcecode.swift; path = DemoModel.swift; sourceTree = "<group>"; };
		5608285727952E2600FF3E54 /* DemoListView.swift */ = {isa = PBXFileReference; lastKnownFileType = sourcecode.swift; path = DemoListView.swift; sourceTree = "<group>"; };
		5608285B27953C8700FF3E54 /* TextExample.swift */ = {isa = PBXFileReference; lastKnownFileType = sourcecode.swift; path = TextExample.swift; sourceTree = "<group>"; };
		5608286127955CE800FF3E54 /* DemoViewModel.swift */ = {isa = PBXFileReference; lastKnownFileType = sourcecode.swift; path = DemoViewModel.swift; sourceTree = "<group>"; };
		561C72B3279A8BEC001440F5 /* ProgressExample.swift */ = {isa = PBXFileReference; lastKnownFileType = sourcecode.swift; path = ProgressExample.swift; sourceTree = "<group>"; };
		561C72B6279A9101001440F5 /* PickerExample.swift */ = {isa = PBXFileReference; lastKnownFileType = sourcecode.swift; path = PickerExample.swift; sourceTree = "<group>"; };
		561C72B8279A96D2001440F5 /* ColorPickerExample.swift */ = {isa = PBXFileReference; lastKnownFileType = sourcecode.swift; path = ColorPickerExample.swift; sourceTree = "<group>"; };
		561C72BA279A979F001440F5 /* DatePickerExample.swift */ = {isa = PBXFileReference; lastKnownFileType = sourcecode.swift; path = DatePickerExample.swift; sourceTree = "<group>"; };
		561C72BD279AA00C001440F5 /* GroupBoxExample.swift */ = {isa = PBXFileReference; lastKnownFileType = sourcecode.swift; path = GroupBoxExample.swift; sourceTree = "<group>"; };
		561C72BF279AA0CB001440F5 /* DisclosureGroupExample.swift */ = {isa = PBXFileReference; lastKnownFileType = sourcecode.swift; path = DisclosureGroupExample.swift; sourceTree = "<group>"; };
		561C72C2279AA219001440F5 /* OutlineGroupExample.swift */ = {isa = PBXFileReference; lastKnownFileType = sourcecode.swift; path = OutlineGroupExample.swift; sourceTree = "<group>"; };
		561C72C5279AA6D9001440F5 /* ListExample.swift */ = {isa = PBXFileReference; lastKnownFileType = sourcecode.swift; path = ListExample.swift; sourceTree = "<group>"; };
		5666029F279947F70023BE4C /* ToggleExample.swift */ = {isa = PBXFileReference; lastKnownFileType = sourcecode.swift; path = ToggleExample.swift; sourceTree = "<group>"; };
		566602A22799493F0023BE4C /* StepperExample.swift */ = {isa = PBXFileReference; lastKnownFileType = sourcecode.swift; path = StepperExample.swift; sourceTree = "<group>"; };
		566602A527994AB20023BE4C /* SliderExample.swift */ = {isa = PBXFileReference; lastKnownFileType = sourcecode.swift; path = SliderExample.swift; sourceTree = "<group>"; };
		566C77EF27FD4715003DFAFE /* IIStack.swift */ = {isa = PBXFileReference; lastKnownFileType = sourcecode.swift; path = IIStack.swift; sourceTree = "<group>"; };
		566C77F127FD600B003DFAFE /* IIStackHomework.swift */ = {isa = PBXFileReference; lastKnownFileType = sourcecode.swift; path = IIStackHomework.swift; sourceTree = "<group>"; };
		566C77F427FD79F1003DFAFE /* IIISimpleTable.swift */ = {isa = PBXFileReference; lastKnownFileType = sourcecode.swift; path = IIISimpleTable.swift; sourceTree = "<group>"; };
		566C77F727FD7ED3003DFAFE /* IVFoodPin.swift */ = {isa = PBXFileReference; lastKnownFileType = sourcecode.swift; path = IVFoodPin.swift; sourceTree = "<group>"; };
		567D9D692797F4980024F8EE /* TextEditorExample.swift */ = {isa = PBXFileReference; lastKnownFileType = sourcecode.swift; path = TextEditorExample.swift; sourceTree = "<group>"; };
		567D9D6C2797F7AA0024F8EE /* TextFieldExample.swift */ = {isa = PBXFileReference; lastKnownFileType = sourcecode.swift; path = TextFieldExample.swift; sourceTree = "<group>"; };
		567D9D6E2798066E0024F8EE /* SecureFieldExample.swift */ = {isa = PBXFileReference; lastKnownFileType = sourcecode.swift; path = SecureFieldExample.swift; sourceTree = "<group>"; };
		567D9D712798090D0024F8EE /* LinkExample.swift */ = {isa = PBXFileReference; lastKnownFileType = sourcecode.swift; path = LinkExample.swift; sourceTree = "<group>"; };
		568736E4279E6F9200DF7772 /* ConsoleBasic.playground */ = {isa = PBXFileReference; lastKnownFileType = file.playground; path = ConsoleBasic.playground; sourceTree = "<group>"; xcLanguageSpecificationIdentifier = xcode.lang.swift; };
		56AAB21727969B92004E8130 /* Debug.swift */ = {isa = PBXFileReference; lastKnownFileType = sourcecode.swift; path = Debug.swift; sourceTree = "<group>"; };
		56AAB2192796A5A8004E8130 /* document.md */ = {isa = PBXFileReference; lastKnownFileType = net.daringfireball.markdown; path = document.md; sourceTree = "<group>"; };
		56AAB21B2796A819004E8130 /* ButtonExample.swift */ = {isa = PBXFileReference; lastKnownFileType = sourcecode.swift; path = ButtonExample.swift; sourceTree = "<group>"; };
		56AAB21E2796AE2A004E8130 /* LabelExample.swift */ = {isa = PBXFileReference; lastKnownFileType = sourcecode.swift; path = LabelExample.swift; sourceTree = "<group>"; };
		56C67A7627A3B3010058A330 /* SectionExample.swift */ = {isa = PBXFileReference; lastKnownFileType = sourcecode.swift; path = SectionExample.swift; sourceTree = "<group>"; };
		56C67A7927A3B42A0058A330 /* ScrollViewExample.swift */ = {isa = PBXFileReference; lastKnownFileType = sourcecode.swift; path = ScrollViewExample.swift; sourceTree = "<group>"; };
		56C67A7C27A3B5960058A330 /* FormExample.swift */ = {isa = PBXFileReference; lastKnownFileType = sourcecode.swift; path = FormExample.swift; sourceTree = "<group>"; };
		56C67A7F27A3B88A0058A330 /* EditButtonExample.swift */ = {isa = PBXFileReference; lastKnownFileType = sourcecode.swift; path = EditButtonExample.swift; sourceTree = "<group>"; };
		56C67A8227A3BA4D0058A330 /* NavigationViewExample.swift */ = {isa = PBXFileReference; lastKnownFileType = sourcecode.swift; path = NavigationViewExample.swift; sourceTree = "<group>"; };
		56C67A8527A3BA930058A330 /* NavigationLinkExample.swift */ = {isa = PBXFileReference; lastKnownFileType = sourcecode.swift; path = NavigationLinkExample.swift; sourceTree = "<group>"; };
		56C67A8A27A3BBB90058A330 /* VStackExample.swift */ = {isa = PBXFileReference; lastKnownFileType = sourcecode.swift; path = VStackExample.swift; sourceTree = "<group>"; };
		56C67A8D27A3BF8B0058A330 /* HStackExample.swift */ = {isa = PBXFileReference; lastKnownFileType = sourcecode.swift; path = HStackExample.swift; sourceTree = "<group>"; };
		56C67A9027A3C1B60058A330 /* ZStackExample.swift */ = {isa = PBXFileReference; lastKnownFileType = sourcecode.swift; path = ZStackExample.swift; sourceTree = "<group>"; };
		56C67A9427A3C69E0058A330 /* LazyVStackExample.swift */ = {isa = PBXFileReference; lastKnownFileType = sourcecode.swift; path = LazyVStackExample.swift; sourceTree = "<group>"; };
		56C67A9627A3C7BC0058A330 /* LazyHStackExample.swift */ = {isa = PBXFileReference; lastKnownFileType = sourcecode.swift; path = LazyHStackExample.swift; sourceTree = "<group>"; };
		56C67A9827A3C7E80058A330 /* LazyVGridExample.swift */ = {isa = PBXFileReference; lastKnownFileType = sourcecode.swift; path = LazyVGridExample.swift; sourceTree = "<group>"; };
		56C67A9A27A3C9C60058A330 /* LazyHGridExample.swift */ = {isa = PBXFileReference; lastKnownFileType = sourcecode.swift; path = LazyHGridExample.swift; sourceTree = "<group>"; };
		56C67A9D27A3CB030058A330 /* SpacerExample.swift */ = {isa = PBXFileReference; lastKnownFileType = sourcecode.swift; path = SpacerExample.swift; sourceTree = "<group>"; };
		56C67AA027A3CBB40058A330 /* ScrollViewReaderExample.swift */ = {isa = PBXFileReference; lastKnownFileType = sourcecode.swift; path = ScrollViewReaderExample.swift; sourceTree = "<group>"; };
		56C67AA327A3CCB00058A330 /* GeometryReaderExample.swift */ = {isa = PBXFileReference; lastKnownFileType = sourcecode.swift; path = GeometryReaderExample.swift; sourceTree = "<group>"; };
		56C67AA627A3CD260058A330 /* EmptyViewExample.swift */ = {isa = PBXFileReference; lastKnownFileType = sourcecode.swift; path = EmptyViewExample.swift; sourceTree = "<group>"; };
		56C67AA827A3CDA40058A330 /* DividerExample.swift */ = {isa = PBXFileReference; lastKnownFileType = sourcecode.swift; path = DividerExample.swift; sourceTree = "<group>"; };
		56C67AAA27A3CE060058A330 /* ShapesExample.swift */ = {isa = PBXFileReference; lastKnownFileType = sourcecode.swift; path = ShapesExample.swift; sourceTree = "<group>"; };
		56C67AAC27A3CECD0058A330 /* MenuExample.swift */ = {isa = PBXFileReference; lastKnownFileType = sourcecode.swift; path = MenuExample.swift; sourceTree = "<group>"; };
		56C67AAF27A3CF620058A330 /* AngularGradientExample.swift */ = {isa = PBXFileReference; lastKnownFileType = sourcecode.swift; path = AngularGradientExample.swift; sourceTree = "<group>"; };
		56C67AB127A3CF870058A330 /* LinearGradientExample.swift */ = {isa = PBXFileReference; lastKnownFileType = sourcecode.swift; path = LinearGradientExample.swift; sourceTree = "<group>"; };
		56C67AB327A3CFB00058A330 /* RadialGradientExample.swift */ = {isa = PBXFileReference; lastKnownFileType = sourcecode.swift; path = RadialGradientExample.swift; sourceTree = "<group>"; };
		56C67AB527A3D0030058A330 /* BasicContentView.swift */ = {isa = PBXFileReference; lastKnownFileType = sourcecode.swift; path = BasicContentView.swift; sourceTree = "<group>"; };
		C30306E32792C2CC00800B2F /* DemoDetailView.swift */ = {isa = PBXFileReference; lastKnownFileType = sourcecode.swift; path = DemoDetailView.swift; sourceTree = "<group>"; };
		C325B2EC27A504560039AAB2 /* PropertyExample.swift */ = {isa = PBXFileReference; lastKnownFileType = sourcecode.swift; path = PropertyExample.swift; sourceTree = "<group>"; };
		C325B2F127A50CA00039AAB2 /* StateExample.swift */ = {isa = PBXFileReference; lastKnownFileType = sourcecode.swift; path = StateExample.swift; sourceTree = "<group>"; };
		C325B2F327A520190039AAB2 /* BindingExample.swift */ = {isa = PBXFileReference; lastKnownFileType = sourcecode.swift; path = BindingExample.swift; sourceTree = "<group>"; };
		C325B2F627A522610039AAB2 /* ObservedObjectExample.swift */ = {isa = PBXFileReference; lastKnownFileType = sourcecode.swift; path = ObservedObjectExample.swift; sourceTree = "<group>"; };
		C325B2F927A522E50039AAB2 /* Developer.swift */ = {isa = PBXFileReference; lastKnownFileType = sourcecode.swift; path = Developer.swift; sourceTree = "<group>"; };
		C325B2FC27A525A10039AAB2 /* EnvironmentObjectExample.swift */ = {isa = PBXFileReference; lastKnownFileType = sourcecode.swift; path = EnvironmentObjectExample.swift; sourceTree = "<group>"; };
		C325B2FE27A525E60039AAB2 /* DevelopmentSubject.swift */ = {isa = PBXFileReference; lastKnownFileType = sourcecode.swift; path = DevelopmentSubject.swift; sourceTree = "<group>"; };
		C325B30027A5288E0039AAB2 /* document.txt */ = {isa = PBXFileReference; lastKnownFileType = text; path = document.txt; sourceTree = "<group>"; };
		C325B30127A532610039AAB2 /* EnvironmentExample.swift */ = {isa = PBXFileReference; lastKnownFileType = sourcecode.swift; path = EnvironmentExample.swift; sourceTree = "<group>"; };
		C36CBCBB27FC82590078A35C /* IHelloWorld.swift */ = {isa = PBXFileReference; lastKnownFileType = sourcecode.swift; path = IHelloWorld.swift; sourceTree = "<group>"; };
		C3DB2118279295AD004A94F3 /* SHSwiftUICode.app */ = {isa = PBXFileReference; explicitFileType = wrapper.application; includeInIndex = 0; path = SHSwiftUICode.app; sourceTree = BUILT_PRODUCTS_DIR; };
		C3DB211B279295AD004A94F3 /* SHSwiftUICodeApp.swift */ = {isa = PBXFileReference; lastKnownFileType = sourcecode.swift; path = SHSwiftUICodeApp.swift; sourceTree = "<group>"; };
		C3DB211F279295AE004A94F3 /* Assets.xcassets */ = {isa = PBXFileReference; lastKnownFileType = folder.assetcatalog; path = Assets.xcassets; sourceTree = "<group>"; };
		C3DB2122279295AE004A94F3 /* Preview Assets.xcassets */ = {isa = PBXFileReference; lastKnownFileType = folder.assetcatalog; path = "Preview Assets.xcassets"; sourceTree = "<group>"; };
		C3DB212A27929CCD004A94F3 /* MainContentView.swift */ = {isa = PBXFileReference; lastKnownFileType = sourcecode.swift; path = MainContentView.swift; sourceTree = "<group>"; };
/* End PBXFileReference section */

/* Begin PBXFrameworksBuildPhase section */
		C3DB2115279295AC004A94F3 /* Frameworks */ = {
			isa = PBXFrameworksBuildPhase;
			buildActionMask = 2147483647;
			files = (
			);
			runOnlyForDeploymentPostprocessing = 0;
		};
/* End PBXFrameworksBuildPhase section */

/* Begin PBXGroup section */
		5608284F2795175200FF3E54 /* Detail */ = {
			isa = PBXGroup;
			children = (
				C30306E32792C2CC00800B2F /* DemoDetailView.swift */,
			);
			name = Detail;
			sourceTree = "<group>";
		};
		560828502795175B00FF3E54 /* ListItem */ = {
			isa = PBXGroup;
			children = (
				5608285227951B1300FF3E54 /* DemoListItemView.swift */,
			);
			name = ListItem;
			sourceTree = "<group>";
		};
		5608285427951EA500FF3E54 /* Model */ = {
			isa = PBXGroup;
			children = (
				5608285527951EB400FF3E54 /* DemoModel.swift */,
			);
			name = Model;
			sourceTree = "<group>";
		};
		5608285927953C6500FF3E54 /* Basic */ = {
			isa = PBXGroup;
			children = (
				C325B2EB27A4FEDE0039AAB2 /* DataStream */,
				56C67AAE27A3CF520058A330 /* Paints */,
				56C67AA527A3CD1B0058A330 /* Other */,
				56C67A8827A3BB8B0058A330 /* Layout */,
				56C67A8727A3BB7A0058A330 /* Controls */,
				56C67AB527A3D0030058A330 /* BasicContentView.swift */,
			);
			path = Basic;
			sourceTree = "<group>";
		};
		5608285A27953C7000FF3E54 /* Text */ = {
			isa = PBXGroup;
			children = (
				5608285B27953C8700FF3E54 /* TextExample.swift */,
			);
			path = Text;
			sourceTree = "<group>";
		};
		5608286027955CDA00FF3E54 /* ViewModel */ = {
			isa = PBXGroup;
			children = (
				5608286127955CE800FF3E54 /* DemoViewModel.swift */,
			);
			name = ViewModel;
			sourceTree = "<group>";
		};
		561C72B2279A8BD5001440F5 /* Progress */ = {
			isa = PBXGroup;
			children = (
				561C72B3279A8BEC001440F5 /* ProgressExample.swift */,
			);
			path = Progress;
			sourceTree = "<group>";
		};
		561C72B5279A90F2001440F5 /* Picker */ = {
			isa = PBXGroup;
			children = (
				561C72B6279A9101001440F5 /* PickerExample.swift */,
				561C72B8279A96D2001440F5 /* ColorPickerExample.swift */,
				561C72BA279A979F001440F5 /* DatePickerExample.swift */,
			);
			path = Picker;
			sourceTree = "<group>";
		};
		561C72BC279A9FFC001440F5 /* Group */ = {
			isa = PBXGroup;
			children = (
				561C72BD279AA00C001440F5 /* GroupBoxExample.swift */,
				561C72BF279AA0CB001440F5 /* DisclosureGroupExample.swift */,
				561C72C2279AA219001440F5 /* OutlineGroupExample.swift */,
			);
			path = Group;
			sourceTree = "<group>";
		};
		561C72C4279AA6CC001440F5 /* List */ = {
			isa = PBXGroup;
			children = (
				561C72C5279AA6D9001440F5 /* ListExample.swift */,
			);
			path = List;
			sourceTree = "<group>";
		};
		5666029E279947EC0023BE4C /* Toggle */ = {
			isa = PBXGroup;
			children = (
				5666029F279947F70023BE4C /* ToggleExample.swift */,
			);
			path = Toggle;
			sourceTree = "<group>";
		};
		566602A1279949310023BE4C /* Stepper */ = {
			isa = PBXGroup;
			children = (
				566602A22799493F0023BE4C /* StepperExample.swift */,
			);
			path = Stepper;
			sourceTree = "<group>";
		};
		566602A427994AA20023BE4C /* Slider */ = {
			isa = PBXGroup;
			children = (
				566602A527994AB20023BE4C /* SliderExample.swift */,
			);
			path = Slider;
			sourceTree = "<group>";
		};
		566C77EE27FD4705003DFAFE /* IIStack */ = {
			isa = PBXGroup;
			children = (
				566C77EF27FD4715003DFAFE /* IIStack.swift */,
				566C77F127FD600B003DFAFE /* IIStackHomework.swift */,
			);
			path = IIStack;
			sourceTree = "<group>";
		};
		566C77F327FD79DE003DFAFE /* IIISimpleTable */ = {
			isa = PBXGroup;
			children = (
				566C77F427FD79F1003DFAFE /* IIISimpleTable.swift */,
			);
			path = IIISimpleTable;
			sourceTree = "<group>";
		};
		566C77F627FD7EBC003DFAFE /* IVFoodPin */ = {
			isa = PBXGroup;
			children = (
				566C77F727FD7ED3003DFAFE /* IVFoodPin.swift */,
			);
			path = IVFoodPin;
			sourceTree = "<group>";
		};
		567D9D682797F4810024F8EE /* Edit */ = {
			isa = PBXGroup;
			children = (
				567D9D692797F4980024F8EE /* TextEditorExample.swift */,
				567D9D6C2797F7AA0024F8EE /* TextFieldExample.swift */,
				567D9D6E2798066E0024F8EE /* SecureFieldExample.swift */,
			);
			path = Edit;
			sourceTree = "<group>";
		};
		567D9D70279809000024F8EE /* Link */ = {
			isa = PBXGroup;
			children = (
				567D9D712798090D0024F8EE /* LinkExample.swift */,
			);
			path = Link;
			sourceTree = "<group>";
		};
		568736E2279E6E5A00DF7772 /* Console */ = {
			isa = PBXGroup;
			children = (
				568736E3279E6F7100DF7772 /* Basic */,
			);
			path = Console;
			sourceTree = "<group>";
		};
		568736E3279E6F7100DF7772 /* Basic */ = {
			isa = PBXGroup;
			children = (
				568736E4279E6F9200DF7772 /* ConsoleBasic.playground */,
			);
			path = Basic;
			sourceTree = "<group>";
		};
		56AAB21427969ACA004E8130 /* Main */ = {
			isa = PBXGroup;
			children = (
				5608285727952E2600FF3E54 /* DemoListView.swift */,
			);
			name = Main;
			sourceTree = "<group>";
		};
		56AAB21527969B76004E8130 /* Framework */ = {
			isa = PBXGroup;
			children = (
				56AAB21627969B7D004E8130 /* Utility */,
			);
			path = Framework;
			sourceTree = "<group>";
		};
		56AAB21627969B7D004E8130 /* Utility */ = {
			isa = PBXGroup;
			children = (
				56AAB21727969B92004E8130 /* Debug.swift */,
			);
			path = Utility;
			sourceTree = "<group>";
		};
		56AAB21A2796A80D004E8130 /* Button */ = {
			isa = PBXGroup;
			children = (
				56AAB21B2796A819004E8130 /* ButtonExample.swift */,
			);
			path = Button;
			sourceTree = "<group>";
		};
		56AAB21D2796ADF3004E8130 /* Label */ = {
			isa = PBXGroup;
			children = (
				56AAB21E2796AE2A004E8130 /* LabelExample.swift */,
			);
			path = Label;
			sourceTree = "<group>";
		};
		56C67A7527A3B2F00058A330 /* Section */ = {
			isa = PBXGroup;
			children = (
				56C67A7627A3B3010058A330 /* SectionExample.swift */,
			);
			path = Section;
			sourceTree = "<group>";
		};
		56C67A7827A3B41D0058A330 /* ScrollView */ = {
			isa = PBXGroup;
			children = (
				56C67A7927A3B42A0058A330 /* ScrollViewExample.swift */,
			);
			path = ScrollView;
			sourceTree = "<group>";
		};
		56C67A7B27A3B58D0058A330 /* Form */ = {
			isa = PBXGroup;
			children = (
				56C67A7C27A3B5960058A330 /* FormExample.swift */,
			);
			path = Form;
			sourceTree = "<group>";
		};
		56C67A7E27A3B87B0058A330 /* EditButton */ = {
			isa = PBXGroup;
			children = (
				56C67A7F27A3B88A0058A330 /* EditButtonExample.swift */,
			);
			path = EditButton;
			sourceTree = "<group>";
		};
		56C67A8127A3BA400058A330 /* NavgationView */ = {
			isa = PBXGroup;
			children = (
				56C67A8227A3BA4D0058A330 /* NavigationViewExample.swift */,
			);
			path = NavgationView;
			sourceTree = "<group>";
		};
		56C67A8427A3BA860058A330 /* NavigationLink */ = {
			isa = PBXGroup;
			children = (
				56C67A8527A3BA930058A330 /* NavigationLinkExample.swift */,
			);
			path = NavigationLink;
			sourceTree = "<group>";
		};
		56C67A8727A3BB7A0058A330 /* Controls */ = {
			isa = PBXGroup;
			children = (
				56C67A8427A3BA860058A330 /* NavigationLink */,
				56C67A8127A3BA400058A330 /* NavgationView */,
				56C67A7E27A3B87B0058A330 /* EditButton */,
				56C67A7B27A3B58D0058A330 /* Form */,
				56C67A7827A3B41D0058A330 /* ScrollView */,
				56C67A7527A3B2F00058A330 /* Section */,
				561C72C4279AA6CC001440F5 /* List */,
				561C72BC279A9FFC001440F5 /* Group */,
				561C72B5279A90F2001440F5 /* Picker */,
				561C72B2279A8BD5001440F5 /* Progress */,
				566602A427994AA20023BE4C /* Slider */,
				566602A1279949310023BE4C /* Stepper */,
				5666029E279947EC0023BE4C /* Toggle */,
				567D9D70279809000024F8EE /* Link */,
				567D9D682797F4810024F8EE /* Edit */,
				56AAB21D2796ADF3004E8130 /* Label */,
				56AAB21A2796A80D004E8130 /* Button */,
				5608285A27953C7000FF3E54 /* Text */,
			);
			path = Controls;
			sourceTree = "<group>";
		};
		56C67A8827A3BB8B0058A330 /* Layout */ = {
			isa = PBXGroup;
			children = (
				56C67AA227A3CCA80058A330 /* GeometryReader */,
				56C67A9F27A3CBAC0058A330 /* ScrollViewReader */,
				56C67A9C27A3CAF40058A330 /* Spacer */,
				56C67A9327A3C6910058A330 /* Lazy */,
				56C67A9227A3C6820058A330 /* Stack */,
			);
			path = Layout;
			sourceTree = "<group>";
		};
		56C67A9227A3C6820058A330 /* Stack */ = {
			isa = PBXGroup;
			children = (
				56C67A9027A3C1B60058A330 /* ZStackExample.swift */,
				56C67A8D27A3BF8B0058A330 /* HStackExample.swift */,
				56C67A8A27A3BBB90058A330 /* VStackExample.swift */,
			);
			path = Stack;
			sourceTree = "<group>";
		};
		56C67A9327A3C6910058A330 /* Lazy */ = {
			isa = PBXGroup;
			children = (
				56C67A9427A3C69E0058A330 /* LazyVStackExample.swift */,
				56C67A9627A3C7BC0058A330 /* LazyHStackExample.swift */,
				56C67A9827A3C7E80058A330 /* LazyVGridExample.swift */,
				56C67A9A27A3C9C60058A330 /* LazyHGridExample.swift */,
			);
			path = Lazy;
			sourceTree = "<group>";
		};
		56C67A9C27A3CAF40058A330 /* Spacer */ = {
			isa = PBXGroup;
			children = (
				56C67A9D27A3CB030058A330 /* SpacerExample.swift */,
			);
			path = Spacer;
			sourceTree = "<group>";
		};
		56C67A9F27A3CBAC0058A330 /* ScrollViewReader */ = {
			isa = PBXGroup;
			children = (
				56C67AA027A3CBB40058A330 /* ScrollViewReaderExample.swift */,
			);
			path = ScrollViewReader;
			sourceTree = "<group>";
		};
		56C67AA227A3CCA80058A330 /* GeometryReader */ = {
			isa = PBXGroup;
			children = (
				56C67AA327A3CCB00058A330 /* GeometryReaderExample.swift */,
			);
			path = GeometryReader;
			sourceTree = "<group>";
		};
		56C67AA527A3CD1B0058A330 /* Other */ = {
			isa = PBXGroup;
			children = (
				56C67AA627A3CD260058A330 /* EmptyViewExample.swift */,
				56C67AA827A3CDA40058A330 /* DividerExample.swift */,
				56C67AAA27A3CE060058A330 /* ShapesExample.swift */,
				56C67AAC27A3CECD0058A330 /* MenuExample.swift */,
			);
			path = Other;
			sourceTree = "<group>";
		};
		56C67AAE27A3CF520058A330 /* Paints */ = {
			isa = PBXGroup;
			children = (
				56C67AAF27A3CF620058A330 /* AngularGradientExample.swift */,
				56C67AB127A3CF870058A330 /* LinearGradientExample.swift */,
				56C67AB327A3CFB00058A330 /* RadialGradientExample.swift */,
			);
			path = Paints;
			sourceTree = "<group>";
		};
		C30306E22792C2BB00800B2F /* Demo */ = {
			isa = PBXGroup;
			children = (
				56AAB21427969ACA004E8130 /* Main */,
				5608286027955CDA00FF3E54 /* ViewModel */,
				5608285427951EA500FF3E54 /* Model */,
				560828502795175B00FF3E54 /* ListItem */,
				5608284F2795175200FF3E54 /* Detail */,
				56AAB2192796A5A8004E8130 /* document.md */,
			);
			path = Demo;
			sourceTree = "<group>";
		};
		C325B2EB27A4FEDE0039AAB2 /* DataStream */ = {
			isa = PBXGroup;
			children = (
				C325B2FB27A525980039AAB2 /* EnvironmentObjectExample */,
				C325B2F827A522CE0039AAB2 /* ObservedObjectExample */,
				C325B2EC27A504560039AAB2 /* PropertyExample.swift */,
				C325B2F127A50CA00039AAB2 /* StateExample.swift */,
				C325B2F327A520190039AAB2 /* BindingExample.swift */,
				C325B30027A5288E0039AAB2 /* document.txt */,
				C325B30127A532610039AAB2 /* EnvironmentExample.swift */,
			);
			path = DataStream;
			sourceTree = "<group>";
		};
		C325B2F827A522CE0039AAB2 /* ObservedObjectExample */ = {
			isa = PBXGroup;
			children = (
				C325B2F627A522610039AAB2 /* ObservedObjectExample.swift */,
				C325B2F927A522E50039AAB2 /* Developer.swift */,
			);
			path = ObservedObjectExample;
			sourceTree = "<group>";
		};
		C325B2FB27A525980039AAB2 /* EnvironmentObjectExample */ = {
			isa = PBXGroup;
			children = (
				C325B2FC27A525A10039AAB2 /* EnvironmentObjectExample.swift */,
				C325B2FE27A525E60039AAB2 /* DevelopmentSubject.swift */,
			);
			path = EnvironmentObjectExample;
			sourceTree = "<group>";
		};
		C36CBCB927FC81F80078A35C /* SwiftUIInAction */ = {
			isa = PBXGroup;
			children = (
				566C77F627FD7EBC003DFAFE /* IVFoodPin */,
				566C77F327FD79DE003DFAFE /* IIISimpleTable */,
				566C77EE27FD4705003DFAFE /* IIStack */,
				C36CBCBA27FC820C0078A35C /* IHelloWorld */,
			);
			path = SwiftUIInAction;
			sourceTree = "<group>";
		};
		C36CBCBA27FC820C0078A35C /* IHelloWorld */ = {
			isa = PBXGroup;
			children = (
				C36CBCBB27FC82590078A35C /* IHelloWorld.swift */,
			);
			path = IHelloWorld;
			sourceTree = "<group>";
		};
		C3DB210F279295AC004A94F3 = {
			isa = PBXGroup;
			children = (
				C3DB211A279295AD004A94F3 /* SHSwiftUICode */,
				C3DB2119279295AD004A94F3 /* Products */,
			);
			sourceTree = "<group>";
		};
		C3DB2119279295AD004A94F3 /* Products */ = {
			isa = PBXGroup;
			children = (
				C3DB2118279295AD004A94F3 /* SHSwiftUICode.app */,
			);
			name = Products;
			sourceTree = "<group>";
		};
		C3DB211A279295AD004A94F3 /* SHSwiftUICode */ = {
			isa = PBXGroup;
			children = (
				C36CBCB927FC81F80078A35C /* SwiftUIInAction */,
				568736E2279E6E5A00DF7772 /* Console */,
				56AAB21527969B76004E8130 /* Framework */,
				5608285927953C6500FF3E54 /* Basic */,
				C30306E22792C2BB00800B2F /* Demo */,
				C3DB212927929CA8004A94F3 /* Main */,
				C3DB211B279295AD004A94F3 /* SHSwiftUICodeApp.swift */,
				C3DB2121279295AE004A94F3 /* Preview Content */,
			);
			path = SHSwiftUICode;
			sourceTree = "<group>";
		};
		C3DB2121279295AE004A94F3 /* Preview Content */ = {
			isa = PBXGroup;
			children = (
				C3DB211F279295AE004A94F3 /* Assets.xcassets */,
				C3DB2122279295AE004A94F3 /* Preview Assets.xcassets */,
			);
			path = "Preview Content";
			sourceTree = "<group>";
		};
		C3DB212927929CA8004A94F3 /* Main */ = {
			isa = PBXGroup;
			children = (
				C3DB212A27929CCD004A94F3 /* MainContentView.swift */,
			);
			path = Main;
			sourceTree = "<group>";
		};
/* End PBXGroup section */

/* Begin PBXNativeTarget section */
		C3DB2117279295AC004A94F3 /* SHSwiftUICode */ = {
			isa = PBXNativeTarget;
			buildConfigurationList = C3DB2126279295AE004A94F3 /* Build configuration list for PBXNativeTarget "SHSwiftUICode" */;
			buildPhases = (
				C3DB2114279295AC004A94F3 /* Sources */,
				C3DB2115279295AC004A94F3 /* Frameworks */,
				C3DB2116279295AC004A94F3 /* Resources */,
			);
			buildRules = (
			);
			dependencies = (
			);
			name = SHSwiftUICode;
			productName = SHSwiftUICode;
			productReference = C3DB2118279295AD004A94F3 /* SHSwiftUICode.app */;
			productType = "com.apple.product-type.application";
		};
/* End PBXNativeTarget section */

/* Begin PBXProject section */
		C3DB2110279295AC004A94F3 /* Project object */ = {
			isa = PBXProject;
			attributes = {
				BuildIndependentTargetsInParallel = 1;
				LastSwiftUpdateCheck = 1320;
				LastUpgradeCheck = 1320;
				TargetAttributes = {
					C3DB2117279295AC004A94F3 = {
						CreatedOnToolsVersion = 13.2.1;
					};
				};
			};
			buildConfigurationList = C3DB2113279295AC004A94F3 /* Build configuration list for PBXProject "SHSwiftUICode" */;
			compatibilityVersion = "Xcode 13.0";
			developmentRegion = en;
			hasScannedForEncodings = 0;
			knownRegions = (
				en,
				Base,
			);
			mainGroup = C3DB210F279295AC004A94F3;
			productRefGroup = C3DB2119279295AD004A94F3 /* Products */;
			projectDirPath = "";
			projectRoot = "";
			targets = (
				C3DB2117279295AC004A94F3 /* SHSwiftUICode */,
			);
		};
/* End PBXProject section */

/* Begin PBXResourcesBuildPhase section */
		C3DB2116279295AC004A94F3 /* Resources */ = {
			isa = PBXResourcesBuildPhase;
			buildActionMask = 2147483647;
			files = (
				C3DB2123279295AE004A94F3 /* Preview Assets.xcassets in Resources */,
				C3DB2120279295AE004A94F3 /* Assets.xcassets in Resources */,
			);
			runOnlyForDeploymentPostprocessing = 0;
		};
/* End PBXResourcesBuildPhase section */

/* Begin PBXSourcesBuildPhase section */
		C3DB2114279295AC004A94F3 /* Sources */ = {
			isa = PBXSourcesBuildPhase;
			buildActionMask = 2147483647;
			files = (
				56C67A8627A3BA930058A330 /* NavigationLinkExample.swift in Sources */,
				561C72B7279A9102001440F5 /* PickerExample.swift in Sources */,
				C325B2F227A50CA00039AAB2 /* StateExample.swift in Sources */,
				56C67AA927A3CDA40058A330 /* DividerExample.swift in Sources */,
				C30306E42792C2CC00800B2F /* DemoDetailView.swift in Sources */,
				56C67AB027A3CF620058A330 /* AngularGradientExample.swift in Sources */,
				56C67A9727A3C7BC0058A330 /* LazyHStackExample.swift in Sources */,
				5608286227955CE800FF3E54 /* DemoViewModel.swift in Sources */,
				567D9D6A2797F4980024F8EE /* TextEditorExample.swift in Sources */,
				56C67A7A27A3B42A0058A330 /* ScrollViewExample.swift in Sources */,
				561C72B4279A8BEC001440F5 /* ProgressExample.swift in Sources */,
				5608285827952E2600FF3E54 /* DemoListView.swift in Sources */,
				56C67A8E27A3BF8B0058A330 /* HStackExample.swift in Sources */,
				56C67A8327A3BA4D0058A330 /* NavigationViewExample.swift in Sources */,
				56AAB21F2796AE2A004E8130 /* LabelExample.swift in Sources */,
				56C67AA727A3CD260058A330 /* EmptyViewExample.swift in Sources */,
				561C72BB279A979F001440F5 /* DatePickerExample.swift in Sources */,
				56AAB21C2796A819004E8130 /* ButtonExample.swift in Sources */,
				567D9D6F2798066E0024F8EE /* SecureFieldExample.swift in Sources */,
				56C67A9B27A3C9C60058A330 /* LazyHGridExample.swift in Sources */,
				56C67A7D27A3B5960058A330 /* FormExample.swift in Sources */,
				566C77F227FD600B003DFAFE /* IIStackHomework.swift in Sources */,
				C3DB211C279295AD004A94F3 /* SHSwiftUICodeApp.swift in Sources */,
				56C67A9127A3C1B60058A330 /* ZStackExample.swift in Sources */,
				56AAB21827969B92004E8130 /* Debug.swift in Sources */,
				56C67AB627A3D0030058A330 /* BasicContentView.swift in Sources */,
				C325B2FA27A522E50039AAB2 /* Developer.swift in Sources */,
				C36CBCBC27FC82590078A35C /* IHelloWorld.swift in Sources */,
				566602A627994AB20023BE4C /* SliderExample.swift in Sources */,
				566602A32799493F0023BE4C /* StepperExample.swift in Sources */,
				C325B2F727A522610039AAB2 /* ObservedObjectExample.swift in Sources */,
				567D9D722798090D0024F8EE /* LinkExample.swift in Sources */,
				56C67A7727A3B3010058A330 /* SectionExample.swift in Sources */,
				56C67AB227A3CF870058A330 /* LinearGradientExample.swift in Sources */,
				56C67A9E27A3CB030058A330 /* SpacerExample.swift in Sources */,
				C325B2FD27A525A10039AAB2 /* EnvironmentObjectExample.swift in Sources */,
				566C77F527FD79F2003DFAFE /* IIISimpleTable.swift in Sources */,
				5608285C27953C8700FF3E54 /* TextExample.swift in Sources */,
				56C67A9527A3C69E0058A330 /* LazyVStackExample.swift in Sources */,
				561C72BE279AA00C001440F5 /* GroupBoxExample.swift in Sources */,
				56C67A8B27A3BBB90058A330 /* VStackExample.swift in Sources */,
				C325B30227A532610039AAB2 /* EnvironmentExample.swift in Sources */,
				56C67AAB27A3CE060058A330 /* ShapesExample.swift in Sources */,
				C3DB212B27929CCD004A94F3 /* MainContentView.swift in Sources */,
				561C72B9279A96D2001440F5 /* ColorPickerExample.swift in Sources */,
				56C67AB427A3CFB00058A330 /* RadialGradientExample.swift in Sources */,
				566C77F827FD7ED3003DFAFE /* IVFoodPin.swift in Sources */,
				56C67AA127A3CBB40058A330 /* ScrollViewReaderExample.swift in Sources */,
				566602A0279947F70023BE4C /* ToggleExample.swift in Sources */,
				561C72C6279AA6D9001440F5 /* ListExample.swift in Sources */,
				567D9D6D2797F7AA0024F8EE /* TextFieldExample.swift in Sources */,
				561C72C0279AA0CB001440F5 /* DisclosureGroupExample.swift in Sources */,
				56C67A9927A3C7E80058A330 /* LazyVGridExample.swift in Sources */,
				561C72C3279AA219001440F5 /* OutlineGroupExample.swift in Sources */,
				56C67AAD27A3CECD0058A330 /* MenuExample.swift in Sources */,
				5608285627951EB400FF3E54 /* DemoModel.swift in Sources */,
				56C67A8027A3B88A0058A330 /* EditButtonExample.swift in Sources */,
				5608285327951B1300FF3E54 /* DemoListItemView.swift in Sources */,
				56C67AA427A3CCB00058A330 /* GeometryReaderExample.swift in Sources */,
				566C77F027FD4715003DFAFE /* IIStack.swift in Sources */,
				C325B2FF27A525E60039AAB2 /* DevelopmentSubject.swift in Sources */,
				C325B2F427A520190039AAB2 /* BindingExample.swift in Sources */,
				C325B2ED27A504560039AAB2 /* PropertyExample.swift in Sources */,
			);
			runOnlyForDeploymentPostprocessing = 0;
		};
/* End PBXSourcesBuildPhase section */

/* Begin XCBuildConfiguration section */
		C3DB2124279295AE004A94F3 /* Debug */ = {
			isa = XCBuildConfiguration;
			buildSettings = {
				ALWAYS_SEARCH_USER_PATHS = NO;
				CLANG_ANALYZER_NONNULL = YES;
				CLANG_ANALYZER_NUMBER_OBJECT_CONVERSION = YES_AGGRESSIVE;
				CLANG_CXX_LANGUAGE_STANDARD = "gnu++17";
				CLANG_CXX_LIBRARY = "libc++";
				CLANG_ENABLE_MODULES = YES;
				CLANG_ENABLE_OBJC_ARC = YES;
				CLANG_ENABLE_OBJC_WEAK = YES;
				CLANG_WARN_BLOCK_CAPTURE_AUTORELEASING = YES;
				CLANG_WARN_BOOL_CONVERSION = YES;
				CLANG_WARN_COMMA = YES;
				CLANG_WARN_CONSTANT_CONVERSION = YES;
				CLANG_WARN_DEPRECATED_OBJC_IMPLEMENTATIONS = YES;
				CLANG_WARN_DIRECT_OBJC_ISA_USAGE = YES_ERROR;
				CLANG_WARN_DOCUMENTATION_COMMENTS = YES;
				CLANG_WARN_EMPTY_BODY = YES;
				CLANG_WARN_ENUM_CONVERSION = YES;
				CLANG_WARN_INFINITE_RECURSION = YES;
				CLANG_WARN_INT_CONVERSION = YES;
				CLANG_WARN_NON_LITERAL_NULL_CONVERSION = YES;
				CLANG_WARN_OBJC_IMPLICIT_RETAIN_SELF = YES;
				CLANG_WARN_OBJC_LITERAL_CONVERSION = YES;
				CLANG_WARN_OBJC_ROOT_CLASS = YES_ERROR;
				CLANG_WARN_QUOTED_INCLUDE_IN_FRAMEWORK_HEADER = YES;
				CLANG_WARN_RANGE_LOOP_ANALYSIS = YES;
				CLANG_WARN_STRICT_PROTOTYPES = YES;
				CLANG_WARN_SUSPICIOUS_MOVE = YES;
				CLANG_WARN_UNGUARDED_AVAILABILITY = YES_AGGRESSIVE;
				CLANG_WARN_UNREACHABLE_CODE = YES;
				CLANG_WARN__DUPLICATE_METHOD_MATCH = YES;
				COPY_PHASE_STRIP = NO;
				DEBUG_INFORMATION_FORMAT = dwarf;
				ENABLE_STRICT_OBJC_MSGSEND = YES;
				ENABLE_TESTABILITY = YES;
				GCC_C_LANGUAGE_STANDARD = gnu11;
				GCC_DYNAMIC_NO_PIC = NO;
				GCC_NO_COMMON_BLOCKS = YES;
				GCC_OPTIMIZATION_LEVEL = 0;
				GCC_PREPROCESSOR_DEFINITIONS = (
					"DEBUG=1",
					"$(inherited)",
				);
				GCC_WARN_64_TO_32_BIT_CONVERSION = YES;
				GCC_WARN_ABOUT_RETURN_TYPE = YES_ERROR;
				GCC_WARN_UNDECLARED_SELECTOR = YES;
				GCC_WARN_UNINITIALIZED_AUTOS = YES_AGGRESSIVE;
				GCC_WARN_UNUSED_FUNCTION = YES;
				GCC_WARN_UNUSED_VARIABLE = YES;
				IPHONEOS_DEPLOYMENT_TARGET = 14.0;
				MTL_ENABLE_DEBUG_INFO = INCLUDE_SOURCE;
				MTL_FAST_MATH = YES;
				ONLY_ACTIVE_ARCH = YES;
				SDKROOT = iphoneos;
				SWIFT_ACTIVE_COMPILATION_CONDITIONS = DEBUG;
				SWIFT_OPTIMIZATION_LEVEL = "-Onone";
			};
			name = Debug;
		};
		C3DB2125279295AE004A94F3 /* Release */ = {
			isa = XCBuildConfiguration;
			buildSettings = {
				ALWAYS_SEARCH_USER_PATHS = NO;
				CLANG_ANALYZER_NONNULL = YES;
				CLANG_ANALYZER_NUMBER_OBJECT_CONVERSION = YES_AGGRESSIVE;
				CLANG_CXX_LANGUAGE_STANDARD = "gnu++17";
				CLANG_CXX_LIBRARY = "libc++";
				CLANG_ENABLE_MODULES = YES;
				CLANG_ENABLE_OBJC_ARC = YES;
				CLANG_ENABLE_OBJC_WEAK = YES;
				CLANG_WARN_BLOCK_CAPTURE_AUTORELEASING = YES;
				CLANG_WARN_BOOL_CONVERSION = YES;
				CLANG_WARN_COMMA = YES;
				CLANG_WARN_CONSTANT_CONVERSION = YES;
				CLANG_WARN_DEPRECATED_OBJC_IMPLEMENTATIONS = YES;
				CLANG_WARN_DIRECT_OBJC_ISA_USAGE = YES_ERROR;
				CLANG_WARN_DOCUMENTATION_COMMENTS = YES;
				CLANG_WARN_EMPTY_BODY = YES;
				CLANG_WARN_ENUM_CONVERSION = YES;
				CLANG_WARN_INFINITE_RECURSION = YES;
				CLANG_WARN_INT_CONVERSION = YES;
				CLANG_WARN_NON_LITERAL_NULL_CONVERSION = YES;
				CLANG_WARN_OBJC_IMPLICIT_RETAIN_SELF = YES;
				CLANG_WARN_OBJC_LITERAL_CONVERSION = YES;
				CLANG_WARN_OBJC_ROOT_CLASS = YES_ERROR;
				CLANG_WARN_QUOTED_INCLUDE_IN_FRAMEWORK_HEADER = YES;
				CLANG_WARN_RANGE_LOOP_ANALYSIS = YES;
				CLANG_WARN_STRICT_PROTOTYPES = YES;
				CLANG_WARN_SUSPICIOUS_MOVE = YES;
				CLANG_WARN_UNGUARDED_AVAILABILITY = YES_AGGRESSIVE;
				CLANG_WARN_UNREACHABLE_CODE = YES;
				CLANG_WARN__DUPLICATE_METHOD_MATCH = YES;
				COPY_PHASE_STRIP = NO;
				DEBUG_INFORMATION_FORMAT = "dwarf-with-dsym";
				ENABLE_NS_ASSERTIONS = NO;
				ENABLE_STRICT_OBJC_MSGSEND = YES;
				GCC_C_LANGUAGE_STANDARD = gnu11;
				GCC_NO_COMMON_BLOCKS = YES;
				GCC_WARN_64_TO_32_BIT_CONVERSION = YES;
				GCC_WARN_ABOUT_RETURN_TYPE = YES_ERROR;
				GCC_WARN_UNDECLARED_SELECTOR = YES;
				GCC_WARN_UNINITIALIZED_AUTOS = YES_AGGRESSIVE;
				GCC_WARN_UNUSED_FUNCTION = YES;
				GCC_WARN_UNUSED_VARIABLE = YES;
				IPHONEOS_DEPLOYMENT_TARGET = 14.0;
				MTL_ENABLE_DEBUG_INFO = NO;
				MTL_FAST_MATH = YES;
				SDKROOT = iphoneos;
				SWIFT_COMPILATION_MODE = wholemodule;
				SWIFT_OPTIMIZATION_LEVEL = "-O";
				VALIDATE_PRODUCT = YES;
			};
			name = Release;
		};
		C3DB2127279295AE004A94F3 /* Debug */ = {
			isa = XCBuildConfiguration;
			buildSettings = {
				ASSETCATALOG_COMPILER_APPICON_NAME = AppIcon;
				ASSETCATALOG_COMPILER_GLOBAL_ACCENT_COLOR_NAME = AccentColor;
				CODE_SIGN_IDENTITY = "Apple Development";
				CODE_SIGN_STYLE = Automatic;
				CURRENT_PROJECT_VERSION = 1;
				DEVELOPMENT_ASSET_PATHS = "\"SHSwiftUICode/Preview Content\"";
				DEVELOPMENT_TEAM = DU98VK6D82;
				ENABLE_PREVIEWS = YES;
				GENERATE_INFOPLIST_FILE = YES;
				INFOPLIST_KEY_UIApplicationSceneManifest_Generation = YES;
				INFOPLIST_KEY_UIApplicationSupportsIndirectInputEvents = YES;
				INFOPLIST_KEY_UILaunchScreen_Generation = YES;
				INFOPLIST_KEY_UISupportedInterfaceOrientations_iPad = "UIInterfaceOrientationPortrait UIInterfaceOrientationPortraitUpsideDown UIInterfaceOrientationLandscapeLeft UIInterfaceOrientationLandscapeRight";
				INFOPLIST_KEY_UISupportedInterfaceOrientations_iPhone = "UIInterfaceOrientationPortrait UIInterfaceOrientationLandscapeLeft UIInterfaceOrientationLandscapeRight";
				LD_RUNPATH_SEARCH_PATHS = (
					"$(inherited)",
					"@executable_path/Frameworks",
				);
				MARKETING_VERSION = 1.0;
				PRODUCT_BUNDLE_IDENTIFIER = com.swein.SHSwiftUICode;
				PRODUCT_NAME = "$(TARGET_NAME)";
				PROVISIONING_PROFILE_SPECIFIER = "";
				SWIFT_EMIT_LOC_STRINGS = YES;
				SWIFT_VERSION = 5.0;
				TARGETED_DEVICE_FAMILY = "1,2";
			};
			name = Debug;
		};
		C3DB2128279295AE004A94F3 /* Release */ = {
			isa = XCBuildConfiguration;
			buildSettings = {
				ASSETCATALOG_COMPILER_APPICON_NAME = AppIcon;
				ASSETCATALOG_COMPILER_GLOBAL_ACCENT_COLOR_NAME = AccentColor;
				CODE_SIGN_IDENTITY = "Apple Development";
				CODE_SIGN_STYLE = Automatic;
				CURRENT_PROJECT_VERSION = 1;
				DEVELOPMENT_ASSET_PATHS = "\"SHSwiftUICode/Preview Content\"";
				DEVELOPMENT_TEAM = DU98VK6D82;
				ENABLE_PREVIEWS = YES;
				GENERATE_INFOPLIST_FILE = YES;
				INFOPLIST_KEY_UIApplicationSceneManifest_Generation = YES;
				INFOPLIST_KEY_UIApplicationSupportsIndirectInputEvents = YES;
				INFOPLIST_KEY_UILaunchScreen_Generation = YES;
				INFOPLIST_KEY_UISupportedInterfaceOrientations_iPad = "UIInterfaceOrientationPortrait UIInterfaceOrientationPortraitUpsideDown UIInterfaceOrientationLandscapeLeft UIInterfaceOrientationLandscapeRight";
				INFOPLIST_KEY_UISupportedInterfaceOrientations_iPhone = "UIInterfaceOrientationPortrait UIInterfaceOrientationLandscapeLeft UIInterfaceOrientationLandscapeRight";
				LD_RUNPATH_SEARCH_PATHS = (
					"$(inherited)",
					"@executable_path/Frameworks",
				);
				MARKETING_VERSION = 1.0;
				PRODUCT_BUNDLE_IDENTIFIER = com.swein.SHSwiftUICode;
				PRODUCT_NAME = "$(TARGET_NAME)";
				PROVISIONING_PROFILE_SPECIFIER = "";
				SWIFT_EMIT_LOC_STRINGS = YES;
				SWIFT_VERSION = 5.0;
				TARGETED_DEVICE_FAMILY = "1,2";
			};
			name = Release;
		};
/* End XCBuildConfiguration section */

/* Begin XCConfigurationList section */
		C3DB2113279295AC004A94F3 /* Build configuration list for PBXProject "SHSwiftUICode" */ = {
			isa = XCConfigurationList;
			buildConfigurations = (
				C3DB2124279295AE004A94F3 /* Debug */,
				C3DB2125279295AE004A94F3 /* Release */,
			);
			defaultConfigurationIsVisible = 0;
			defaultConfigurationName = Release;
		};
		C3DB2126279295AE004A94F3 /* Build configuration list for PBXNativeTarget "SHSwiftUICode" */ = {
			isa = XCConfigurationList;
			buildConfigurations = (
				C3DB2127279295AE004A94F3 /* Debug */,
				C3DB2128279295AE004A94F3 /* Release */,
			);
			defaultConfigurationIsVisible = 0;
			defaultConfigurationName = Release;
		};
/* End XCConfigurationList section */
	};
	rootObject = C3DB2110279295AC004A94F3 /* Project object */;
}
