// !$*UTF8*$!
{
	archiveVersion = 1;
	classes = {
	};
	objectVersion = 52;
	objects = {

/* Begin PBXBuildFile section */
		C30B8DAF25721464007CF79D /* AppDelegate.swift in Sources */ = {isa = PBXBuildFile; fileRef = C30B8DAE25721464007CF79D /* AppDelegate.swift */; };
		C30B8DB125721464007CF79D /* SceneDelegate.swift in Sources */ = {isa = PBXBuildFile; fileRef = C30B8DB025721464007CF79D /* SceneDelegate.swift */; };
		C30B8DB325721464007CF79D /* ContentView.swift in Sources */ = {isa = PBXBuildFile; fileRef = C30B8DB225721464007CF79D /* ContentView.swift */; };
		C30B8DB525721466007CF79D /* Assets.xcassets in Resources */ = {isa = PBXBuildFile; fileRef = C30B8DB425721466007CF79D /* Assets.xcassets */; };
		C30B8DB825721466007CF79D /* Preview Assets.xcassets in Resources */ = {isa = PBXBuildFile; fileRef = C30B8DB725721466007CF79D /* Preview Assets.xcassets */; };
		C30B8DBB25721466007CF79D /* LaunchScreen.storyboard in Resources */ = {isa = PBXBuildFile; fileRef = C30B8DB925721466007CF79D /* LaunchScreen.storyboard */; };
		C30B8DC5257214CB007CF79D /* BasicText.swift in Sources */ = {isa = PBXBuildFile; fileRef = C30B8DC4257214CB007CF79D /* BasicText.swift */; };
		C30B8DC825721535007CF79D /* BasicTextField.swift in Sources */ = {isa = PBXBuildFile; fileRef = C30B8DC725721535007CF79D /* BasicTextField.swift */; };
		C30B8DCB2572155D007CF79D /* BasicButton.swift in Sources */ = {isa = PBXBuildFile; fileRef = C30B8DCA2572155D007CF79D /* BasicButton.swift */; };
		C30B8DCE25727127007CF79D /* BasicSpacer.swift in Sources */ = {isa = PBXBuildFile; fileRef = C30B8DCD25727127007CF79D /* BasicSpacer.swift */; };
		C30B8DD125727270007CF79D /* BasicDivider.swift in Sources */ = {isa = PBXBuildFile; fileRef = C30B8DD025727270007CF79D /* BasicDivider.swift */; };
		C30B8DD425727412007CF79D /* BasicImage.swift in Sources */ = {isa = PBXBuildFile; fileRef = C30B8DD325727412007CF79D /* BasicImage.swift */; };
		C30B8DD725727BEA007CF79D /* BasicPicker.swift in Sources */ = {isa = PBXBuildFile; fileRef = C30B8DD625727BEA007CF79D /* BasicPicker.swift */; };
		C30D561F25790FAC000F18F1 /* CustomProgressView.swift in Sources */ = {isa = PBXBuildFile; fileRef = C30D561E25790FAC000F18F1 /* CustomProgressView.swift */; };
		C32F058B2573484000E1A65A /* BasicSlider.swift in Sources */ = {isa = PBXBuildFile; fileRef = C32F058A2573484000E1A65A /* BasicSlider.swift */; };
		C32F058E25734BF400E1A65A /* BasicStepper.swift in Sources */ = {isa = PBXBuildFile; fileRef = C32F058D25734BF400E1A65A /* BasicStepper.swift */; };
		C32F059125734E6900E1A65A /* BasicSegment.swift in Sources */ = {isa = PBXBuildFile; fileRef = C32F059025734E6900E1A65A /* BasicSegment.swift */; };
		C32F059425734FF000E1A65A /* BasicToggle.swift in Sources */ = {isa = PBXBuildFile; fileRef = C32F059325734FF000E1A65A /* BasicToggle.swift */; };
		C32F05972573540B00E1A65A /* BasicBottomTab.swift in Sources */ = {isa = PBXBuildFile; fileRef = C32F05962573540B00E1A65A /* BasicBottomTab.swift */; };
		C32F059F2573586200E1A65A /* BasicShape.swift in Sources */ = {isa = PBXBuildFile; fileRef = C32F059E2573586200E1A65A /* BasicShape.swift */; };
		C32F05A325735BAA00E1A65A /* CustomWebView.swift in Sources */ = {isa = PBXBuildFile; fileRef = C32F05A225735BAA00E1A65A /* CustomWebView.swift */; };
		C32F05A725735C9D00E1A65A /* BasicWebView.swift in Sources */ = {isa = PBXBuildFile; fileRef = C32F05A625735C9D00E1A65A /* BasicWebView.swift */; };
		C32F05AC25735F8800E1A65A /* CustomMapView.swift in Sources */ = {isa = PBXBuildFile; fileRef = C32F05AB25735F8800E1A65A /* CustomMapView.swift */; };
		C32F05AF25735F9100E1A65A /* BasicMapView.swift in Sources */ = {isa = PBXBuildFile; fileRef = C32F05AE25735F9100E1A65A /* BasicMapView.swift */; };
		C32F05B22573601D00E1A65A /* AnimationScale.swift in Sources */ = {isa = PBXBuildFile; fileRef = C32F05B12573601D00E1A65A /* AnimationScale.swift */; };
		C32F05B5257364F500E1A65A /* AnimationOpacityLinear.swift in Sources */ = {isa = PBXBuildFile; fileRef = C32F05B4257364F500E1A65A /* AnimationOpacityLinear.swift */; };
		C32F05B8257365AA00E1A65A /* AnimationOffsetEaseOut.swift in Sources */ = {isa = PBXBuildFile; fileRef = C32F05B7257365AA00E1A65A /* AnimationOffsetEaseOut.swift */; };
		C32F05BC2573662600E1A65A /* AnimationRotationEffectSpring.swift in Sources */ = {isa = PBXBuildFile; fileRef = C32F05BB2573662600E1A65A /* AnimationRotationEffectSpring.swift */; };
		C32F05BF2573666300E1A65A /* AnimationCombinedAnimation.swift in Sources */ = {isa = PBXBuildFile; fileRef = C32F05BE2573666300E1A65A /* AnimationCombinedAnimation.swift */; };
		C32F05C22573675F00E1A65A /* AnimationSpeadAndDelay.swift in Sources */ = {isa = PBXBuildFile; fileRef = C32F05C12573675F00E1A65A /* AnimationSpeadAndDelay.swift */; };
		C32F05C52573680200E1A65A /* AnimationRepeating.swift in Sources */ = {isa = PBXBuildFile; fileRef = C32F05C42573680200E1A65A /* AnimationRepeating.swift */; };
		C32F05C82573685900E1A65A /* AnimationToggleVisibility.swift in Sources */ = {isa = PBXBuildFile; fileRef = C32F05C72573685900E1A65A /* AnimationToggleVisibility.swift */; };
		C32F05CB25736CE000E1A65A /* AnimationAsymmetricTransition.swift in Sources */ = {isa = PBXBuildFile; fileRef = C32F05CA25736CE000E1A65A /* AnimationAsymmetricTransition.swift */; };
		C32F05D025736E0600E1A65A /* GestureTap.swift in Sources */ = {isa = PBXBuildFile; fileRef = C32F05CF25736E0600E1A65A /* GestureTap.swift */; };
		C32F05D3257383CB00E1A65A /* LongPressGestureAndDragGesture.swift in Sources */ = {isa = PBXBuildFile; fileRef = C32F05D2257383CB00E1A65A /* LongPressGestureAndDragGesture.swift */; };
		C32F05D72573844900E1A65A /* LayoutBasic.swift in Sources */ = {isa = PBXBuildFile; fileRef = C32F05D62573844900E1A65A /* LayoutBasic.swift */; };
		C32F05DA2573880600E1A65A /* LayoutList.swift in Sources */ = {isa = PBXBuildFile; fileRef = C32F05D92573880600E1A65A /* LayoutList.swift */; };
		C32F05DE2573ADD700E1A65A /* LayoutScroll.swift in Sources */ = {isa = PBXBuildFile; fileRef = C32F05DD2573ADD700E1A65A /* LayoutScroll.swift */; };
		C32F05E12573B4D900E1A65A /* LayoutForm.swift in Sources */ = {isa = PBXBuildFile; fileRef = C32F05E02573B4D900E1A65A /* LayoutForm.swift */; };
		C33F3D4725808B49000D5D01 /* RecyclerViewItemModel.swift in Sources */ = {isa = PBXBuildFile; fileRef = C33F3D4625808B49000D5D01 /* RecyclerViewItemModel.swift */; };
		C33F3D4A25808BB7000D5D01 /* RecyclerViewVM.swift in Sources */ = {isa = PBXBuildFile; fileRef = C33F3D4925808BB7000D5D01 /* RecyclerViewVM.swift */; };
		C33F3D572580AC39000D5D01 /* LoadMoreTest.swift in Sources */ = {isa = PBXBuildFile; fileRef = C33F3D562580AC39000D5D01 /* LoadMoreTest.swift */; };
		C340D1F4257919A4004609AD /* ThreadUtil.swift in Sources */ = {isa = PBXBuildFile; fileRef = C340D1F3257919A4004609AD /* ThreadUtil.swift */; };
		C36BF84C2577B1D900052F5B /* SwiftyJSON in Frameworks */ = {isa = PBXBuildFile; productRef = C36BF84B2577B1D900052F5B /* SwiftyJSON */; };
		C36BF8502577B1ED00052F5B /* Alamofire in Frameworks */ = {isa = PBXBuildFile; productRef = C36BF84F2577B1ED00052F5B /* Alamofire */; };
		C36BF8542577B23000052F5B /* HttpAndJSONDemo.swift in Sources */ = {isa = PBXBuildFile; fileRef = C36BF8532577B23000052F5B /* HttpAndJSONDemo.swift */; };
		C36BF8592577B26F00052F5B /* HttpAndJSONModel.swift in Sources */ = {isa = PBXBuildFile; fileRef = C36BF8582577B26F00052F5B /* HttpAndJSONModel.swift */; };
		C36BF85D2577B27A00052F5B /* HttpAndJSONVM.swift in Sources */ = {isa = PBXBuildFile; fileRef = C36BF85C2577B27A00052F5B /* HttpAndJSONVM.swift */; };
		C36BF8612577BB2000052F5B /* ILog.swift in Sources */ = {isa = PBXBuildFile; fileRef = C36BF8602577BB2000052F5B /* ILog.swift */; };
		C37DF304257A312C00775CF1 /* CustomIndicators.swift in Sources */ = {isa = PBXBuildFile; fileRef = C37DF303257A312C00775CF1 /* CustomIndicators.swift */; };
		C3A295D62581B76D00EA5B1B /* ReloadTest.swift in Sources */ = {isa = PBXBuildFile; fileRef = C3A295D52581B76D00EA5B1B /* ReloadTest.swift */; };
		C3A295DA2581C70500EA5B1B /* RecyclerView.swift in Sources */ = {isa = PBXBuildFile; fileRef = C3A295D92581C70500EA5B1B /* RecyclerView.swift */; };
		C3A295E32581E9E800EA5B1B /* SideMenuDemo.swift in Sources */ = {isa = PBXBuildFile; fileRef = C3A295E22581E9E800EA5B1B /* SideMenuDemo.swift */; };
		C3A295EA2581FB6200EA5B1B /* SideMenuView.swift in Sources */ = {isa = PBXBuildFile; fileRef = C3A295E92581FB6200EA5B1B /* SideMenuView.swift */; };
		C3A295EF2582097600EA5B1B /* SpannedGridView.swift in Sources */ = {isa = PBXBuildFile; fileRef = C3A295EE2582097600EA5B1B /* SpannedGridView.swift */; };
		C3A295F325820A1D00EA5B1B /* ExyteGrid in Frameworks */ = {isa = PBXBuildFile; productRef = C3A295F225820A1D00EA5B1B /* ExyteGrid */; };
		C3B59E1925761D5F00140E4B /* EnviromentObject.swift in Sources */ = {isa = PBXBuildFile; fileRef = C3B59E1825761D5F00140E4B /* EnviromentObject.swift */; };
		C3B59E1D25762AA000140E4B /* ObservedObjectCustomDemo.swift in Sources */ = {isa = PBXBuildFile; fileRef = C3B59E1C25762AA000140E4B /* ObservedObjectCustomDemo.swift */; };
		C3B59E2125762ABD00140E4B /* ObservedObjectCustomDemoDetail.swift in Sources */ = {isa = PBXBuildFile; fileRef = C3B59E2025762ABD00140E4B /* ObservedObjectCustomDemoDetail.swift */; };
		C3B59E2425762B0B00140E4B /* OOCDData.swift in Sources */ = {isa = PBXBuildFile; fileRef = C3B59E2325762B0B00140E4B /* OOCDData.swift */; };
		C3B59E28257635B900140E4B /* EnviromentObjectCustomDemo.swift in Sources */ = {isa = PBXBuildFile; fileRef = C3B59E27257635B900140E4B /* EnviromentObjectCustomDemo.swift */; };
		C3B59E2B257635CB00140E4B /* EOCDData.swift in Sources */ = {isa = PBXBuildFile; fileRef = C3B59E2A257635CB00140E4B /* EOCDData.swift */; };
		C3B59E2E257635DA00140E4B /* EnviromentObjectCustomDemoDetail.swift in Sources */ = {isa = PBXBuildFile; fileRef = C3B59E2D257635DA00140E4B /* EnviromentObjectCustomDemoDetail.swift */; };
		C3B59E362576402000140E4B /* CustomPropertyWrapper.swift in Sources */ = {isa = PBXBuildFile; fileRef = C3B59E352576402000140E4B /* CustomPropertyWrapper.swift */; };
		C3B59E3A2576405800140E4B /* WrappedValueDemo.swift in Sources */ = {isa = PBXBuildFile; fileRef = C3B59E392576405800140E4B /* WrappedValueDemo.swift */; };
		C3BAD1A525772E740072565A /* ExtensionCustomView.swift in Sources */ = {isa = PBXBuildFile; fileRef = C3BAD1A425772E740072565A /* ExtensionCustomView.swift */; };
		C3BAD1F0257765A80072565A /* Country.swift in Sources */ = {isa = PBXBuildFile; fileRef = C3BAD1EF257765A80072565A /* Country.swift */; };
		C3BAD1F4257765C40072565A /* CountryView.swift in Sources */ = {isa = PBXBuildFile; fileRef = C3BAD1F3257765C40072565A /* CountryView.swift */; };
		C3BAD1F92577662D0072565A /* CountryVM.swift in Sources */ = {isa = PBXBuildFile; fileRef = C3BAD1F82577662D0072565A /* CountryVM.swift */; };
		C3C3A4C2257486490041F5D4 /* LayoutNavigationLink.swift in Sources */ = {isa = PBXBuildFile; fileRef = C3C3A4C1257486490041F5D4 /* LayoutNavigationLink.swift */; };
		C3C3A4C62574879D0041F5D4 /* LayoutNavigationLinkDetail.swift in Sources */ = {isa = PBXBuildFile; fileRef = C3C3A4C52574879D0041F5D4 /* LayoutNavigationLinkDetail.swift */; };
		C3C3A4CC257488A00041F5D4 /* LayoutNavigationLinkM.swift in Sources */ = {isa = PBXBuildFile; fileRef = C3C3A4CB257488A00041F5D4 /* LayoutNavigationLinkM.swift */; };
		C3C3A4CF2574890D0041F5D4 /* LayoutNavigationLinkMDetail.swift in Sources */ = {isa = PBXBuildFile; fileRef = C3C3A4CE2574890D0041F5D4 /* LayoutNavigationLinkMDetail.swift */; };
		C3C3A4D225748E7B0041F5D4 /* LayoutNavigationLinkMDetailOne.swift in Sources */ = {isa = PBXBuildFile; fileRef = C3C3A4D125748E7B0041F5D4 /* LayoutNavigationLinkMDetailOne.swift */; };
		C3C3A4D525748E850041F5D4 /* LayoutNavigationLinkMDetailTwo.swift in Sources */ = {isa = PBXBuildFile; fileRef = C3C3A4D425748E850041F5D4 /* LayoutNavigationLinkMDetailTwo.swift */; };
		C3C3A4DA2574A63C0041F5D4 /* PropertyStateDemo.swift in Sources */ = {isa = PBXBuildFile; fileRef = C3C3A4D92574A63C0041F5D4 /* PropertyStateDemo.swift */; };
		C3C3A4DE2574A86E0041F5D4 /* PropertyBindingDemo.swift in Sources */ = {isa = PBXBuildFile; fileRef = C3C3A4DD2574A86E0041F5D4 /* PropertyBindingDemo.swift */; };
		C3C3A4E32574B3E80041F5D4 /* PropertyObservedObjectDemo.swift in Sources */ = {isa = PBXBuildFile; fileRef = C3C3A4E22574B3E80041F5D4 /* PropertyObservedObjectDemo.swift */; };
		C3C3A4E72574B5710041F5D4 /* StopWatch.swift in Sources */ = {isa = PBXBuildFile; fileRef = C3C3A4E62574B5710041F5D4 /* StopWatch.swift */; };
		C3C3A4ED2574BE150041F5D4 /* PropertyEnvironmentObjectDemo.swift in Sources */ = {isa = PBXBuildFile; fileRef = C3C3A4EC2574BE150041F5D4 /* PropertyEnvironmentObjectDemo.swift */; };
		C3C3A4F02574C10B0041F5D4 /* UserSettings.swift in Sources */ = {isa = PBXBuildFile; fileRef = C3C3A4EF2574C10B0041F5D4 /* UserSettings.swift */; };
		C3C3A4F42574C2DE0041F5D4 /* PropertyEnvironmentDemo.swift in Sources */ = {isa = PBXBuildFile; fileRef = C3C3A4F32574C2DE0041F5D4 /* PropertyEnvironmentDemo.swift */; };
		C3C3A4F72574C9140041F5D4 /* LayoutPageNavigation.swift in Sources */ = {isa = PBXBuildFile; fileRef = C3C3A4F62574C9140041F5D4 /* LayoutPageNavigation.swift */; };
		C3C3A4FA2574CA8B0041F5D4 /* ObjectBinding.swift in Sources */ = {isa = PBXBuildFile; fileRef = C3C3A4F92574CA8B0041F5D4 /* ObjectBinding.swift */; };
		C3C3A4FD2574CBA80041F5D4 /* LayoutShowModal.swift in Sources */ = {isa = PBXBuildFile; fileRef = C3C3A4FC2574CBA80041F5D4 /* LayoutShowModal.swift */; };
		C3C3A5012574CC580041F5D4 /* LayoutShowAlert.swift in Sources */ = {isa = PBXBuildFile; fileRef = C3C3A5002574CC580041F5D4 /* LayoutShowAlert.swift */; };
		C3C3A5042574CE240041F5D4 /* LayoutActionSheet.swift in Sources */ = {isa = PBXBuildFile; fileRef = C3C3A5032574CE240041F5D4 /* LayoutActionSheet.swift */; };
		C3C3A5092574D5240041F5D4 /* PreviewDeviceDemo.swift in Sources */ = {isa = PBXBuildFile; fileRef = C3C3A5082574D5240041F5D4 /* PreviewDeviceDemo.swift */; };
		C3C3A50E2574D6050041F5D4 /* ColorSchemeLightAndDark .swift in Sources */ = {isa = PBXBuildFile; fileRef = C3C3A50D2574D6050041F5D4 /* ColorSchemeLightAndDark .swift */; };
		C3C3A5112574D67E0041F5D4 /* NavigationBarTitle.swift in Sources */ = {isa = PBXBuildFile; fileRef = C3C3A5102574D67E0041F5D4 /* NavigationBarTitle.swift */; };
		C3C3A5142574D6AB0041F5D4 /* NavigationItem.swift in Sources */ = {isa = PBXBuildFile; fileRef = C3C3A5132574D6AB0041F5D4 /* NavigationItem.swift */; };
		C3C3A5172574D7ED0041F5D4 /* ViewStyleModifier.swift in Sources */ = {isa = PBXBuildFile; fileRef = C3C3A5162574D7ED0041F5D4 /* ViewStyleModifier.swift */; };
/* End PBXBuildFile section */

/* Begin PBXFileReference section */
		C30B8DAB25721464007CF79D /* SHSwiftUICode.app */ = {isa = PBXFileReference; explicitFileType = wrapper.application; includeInIndex = 0; path = SHSwiftUICode.app; sourceTree = BUILT_PRODUCTS_DIR; };
		C30B8DAE25721464007CF79D /* AppDelegate.swift */ = {isa = PBXFileReference; lastKnownFileType = sourcecode.swift; path = AppDelegate.swift; sourceTree = "<group>"; };
		C30B8DB025721464007CF79D /* SceneDelegate.swift */ = {isa = PBXFileReference; lastKnownFileType = sourcecode.swift; path = SceneDelegate.swift; sourceTree = "<group>"; };
		C30B8DB225721464007CF79D /* ContentView.swift */ = {isa = PBXFileReference; lastKnownFileType = sourcecode.swift; path = ContentView.swift; sourceTree = "<group>"; };
		C30B8DB425721466007CF79D /* Assets.xcassets */ = {isa = PBXFileReference; lastKnownFileType = folder.assetcatalog; path = Assets.xcassets; sourceTree = "<group>"; };
		C30B8DB725721466007CF79D /* Preview Assets.xcassets */ = {isa = PBXFileReference; lastKnownFileType = folder.assetcatalog; path = "Preview Assets.xcassets"; sourceTree = "<group>"; };
		C30B8DBA25721466007CF79D /* Base */ = {isa = PBXFileReference; lastKnownFileType = file.storyboard; name = Base; path = Base.lproj/LaunchScreen.storyboard; sourceTree = "<group>"; };
		C30B8DBC25721466007CF79D /* Info.plist */ = {isa = PBXFileReference; lastKnownFileType = text.plist.xml; path = Info.plist; sourceTree = "<group>"; };
		C30B8DC4257214CB007CF79D /* BasicText.swift */ = {isa = PBXFileReference; lastKnownFileType = sourcecode.swift; path = BasicText.swift; sourceTree = "<group>"; };
		C30B8DC725721535007CF79D /* BasicTextField.swift */ = {isa = PBXFileReference; lastKnownFileType = sourcecode.swift; path = BasicTextField.swift; sourceTree = "<group>"; };
		C30B8DCA2572155D007CF79D /* BasicButton.swift */ = {isa = PBXFileReference; lastKnownFileType = sourcecode.swift; path = BasicButton.swift; sourceTree = "<group>"; };
		C30B8DCD25727127007CF79D /* BasicSpacer.swift */ = {isa = PBXFileReference; lastKnownFileType = sourcecode.swift; path = BasicSpacer.swift; sourceTree = "<group>"; };
		C30B8DD025727270007CF79D /* BasicDivider.swift */ = {isa = PBXFileReference; lastKnownFileType = sourcecode.swift; path = BasicDivider.swift; sourceTree = "<group>"; };
		C30B8DD325727412007CF79D /* BasicImage.swift */ = {isa = PBXFileReference; lastKnownFileType = sourcecode.swift; path = BasicImage.swift; sourceTree = "<group>"; };
		C30B8DD625727BEA007CF79D /* BasicPicker.swift */ = {isa = PBXFileReference; lastKnownFileType = sourcecode.swift; path = BasicPicker.swift; sourceTree = "<group>"; };
		C30D561E25790FAC000F18F1 /* CustomProgressView.swift */ = {isa = PBXFileReference; lastKnownFileType = sourcecode.swift; path = CustomProgressView.swift; sourceTree = "<group>"; };
		C32F058A2573484000E1A65A /* BasicSlider.swift */ = {isa = PBXFileReference; lastKnownFileType = sourcecode.swift; path = BasicSlider.swift; sourceTree = "<group>"; };
		C32F058D25734BF400E1A65A /* BasicStepper.swift */ = {isa = PBXFileReference; lastKnownFileType = sourcecode.swift; path = BasicStepper.swift; sourceTree = "<group>"; };
		C32F059025734E6900E1A65A /* BasicSegment.swift */ = {isa = PBXFileReference; lastKnownFileType = sourcecode.swift; path = BasicSegment.swift; sourceTree = "<group>"; };
		C32F059325734FF000E1A65A /* BasicToggle.swift */ = {isa = PBXFileReference; lastKnownFileType = sourcecode.swift; path = BasicToggle.swift; sourceTree = "<group>"; };
		C32F05962573540B00E1A65A /* BasicBottomTab.swift */ = {isa = PBXFileReference; lastKnownFileType = sourcecode.swift; path = BasicBottomTab.swift; sourceTree = "<group>"; };
		C32F059E2573586200E1A65A /* BasicShape.swift */ = {isa = PBXFileReference; lastKnownFileType = sourcecode.swift; path = BasicShape.swift; sourceTree = "<group>"; };
		C32F05A225735BAA00E1A65A /* CustomWebView.swift */ = {isa = PBXFileReference; lastKnownFileType = sourcecode.swift; path = CustomWebView.swift; sourceTree = "<group>"; };
		C32F05A625735C9D00E1A65A /* BasicWebView.swift */ = {isa = PBXFileReference; lastKnownFileType = sourcecode.swift; path = BasicWebView.swift; sourceTree = "<group>"; };
		C32F05AB25735F8800E1A65A /* CustomMapView.swift */ = {isa = PBXFileReference; lastKnownFileType = sourcecode.swift; path = CustomMapView.swift; sourceTree = "<group>"; };
		C32F05AE25735F9100E1A65A /* BasicMapView.swift */ = {isa = PBXFileReference; lastKnownFileType = sourcecode.swift; path = BasicMapView.swift; sourceTree = "<group>"; };
		C32F05B12573601D00E1A65A /* AnimationScale.swift */ = {isa = PBXFileReference; lastKnownFileType = sourcecode.swift; path = AnimationScale.swift; sourceTree = "<group>"; };
		C32F05B4257364F500E1A65A /* AnimationOpacityLinear.swift */ = {isa = PBXFileReference; lastKnownFileType = sourcecode.swift; path = AnimationOpacityLinear.swift; sourceTree = "<group>"; };
		C32F05B7257365AA00E1A65A /* AnimationOffsetEaseOut.swift */ = {isa = PBXFileReference; lastKnownFileType = sourcecode.swift; path = AnimationOffsetEaseOut.swift; sourceTree = "<group>"; };
		C32F05BB2573662600E1A65A /* AnimationRotationEffectSpring.swift */ = {isa = PBXFileReference; lastKnownFileType = sourcecode.swift; path = AnimationRotationEffectSpring.swift; sourceTree = "<group>"; };
		C32F05BE2573666300E1A65A /* AnimationCombinedAnimation.swift */ = {isa = PBXFileReference; lastKnownFileType = sourcecode.swift; path = AnimationCombinedAnimation.swift; sourceTree = "<group>"; };
		C32F05C12573675F00E1A65A /* AnimationSpeadAndDelay.swift */ = {isa = PBXFileReference; lastKnownFileType = sourcecode.swift; path = AnimationSpeadAndDelay.swift; sourceTree = "<group>"; };
		C32F05C42573680200E1A65A /* AnimationRepeating.swift */ = {isa = PBXFileReference; lastKnownFileType = sourcecode.swift; path = AnimationRepeating.swift; sourceTree = "<group>"; };
		C32F05C72573685900E1A65A /* AnimationToggleVisibility.swift */ = {isa = PBXFileReference; lastKnownFileType = sourcecode.swift; path = AnimationToggleVisibility.swift; sourceTree = "<group>"; };
		C32F05CA25736CE000E1A65A /* AnimationAsymmetricTransition.swift */ = {isa = PBXFileReference; lastKnownFileType = sourcecode.swift; path = AnimationAsymmetricTransition.swift; sourceTree = "<group>"; };
		C32F05CF25736E0600E1A65A /* GestureTap.swift */ = {isa = PBXFileReference; lastKnownFileType = sourcecode.swift; path = GestureTap.swift; sourceTree = "<group>"; };
		C32F05D2257383CB00E1A65A /* LongPressGestureAndDragGesture.swift */ = {isa = PBXFileReference; lastKnownFileType = sourcecode.swift; path = LongPressGestureAndDragGesture.swift; sourceTree = "<group>"; };
		C32F05D62573844900E1A65A /* LayoutBasic.swift */ = {isa = PBXFileReference; lastKnownFileType = sourcecode.swift; path = LayoutBasic.swift; sourceTree = "<group>"; };
		C32F05D92573880600E1A65A /* LayoutList.swift */ = {isa = PBXFileReference; lastKnownFileType = sourcecode.swift; path = LayoutList.swift; sourceTree = "<group>"; };
		C32F05DD2573ADD700E1A65A /* LayoutScroll.swift */ = {isa = PBXFileReference; lastKnownFileType = sourcecode.swift; path = LayoutScroll.swift; sourceTree = "<group>"; };
		C32F05E02573B4D900E1A65A /* LayoutForm.swift */ = {isa = PBXFileReference; lastKnownFileType = sourcecode.swift; path = LayoutForm.swift; sourceTree = "<group>"; };
		C33F3D4625808B49000D5D01 /* RecyclerViewItemModel.swift */ = {isa = PBXFileReference; lastKnownFileType = sourcecode.swift; path = RecyclerViewItemModel.swift; sourceTree = "<group>"; };
		C33F3D4925808BB7000D5D01 /* RecyclerViewVM.swift */ = {isa = PBXFileReference; lastKnownFileType = sourcecode.swift; path = RecyclerViewVM.swift; sourceTree = "<group>"; };
		C33F3D562580AC39000D5D01 /* LoadMoreTest.swift */ = {isa = PBXFileReference; lastKnownFileType = sourcecode.swift; path = LoadMoreTest.swift; sourceTree = "<group>"; };
		C340D1F3257919A4004609AD /* ThreadUtil.swift */ = {isa = PBXFileReference; lastKnownFileType = sourcecode.swift; path = ThreadUtil.swift; sourceTree = "<group>"; };
		C36BF8532577B23000052F5B /* HttpAndJSONDemo.swift */ = {isa = PBXFileReference; lastKnownFileType = sourcecode.swift; path = HttpAndJSONDemo.swift; sourceTree = "<group>"; };
		C36BF8582577B26F00052F5B /* HttpAndJSONModel.swift */ = {isa = PBXFileReference; lastKnownFileType = sourcecode.swift; path = HttpAndJSONModel.swift; sourceTree = "<group>"; };
		C36BF85C2577B27A00052F5B /* HttpAndJSONVM.swift */ = {isa = PBXFileReference; lastKnownFileType = sourcecode.swift; path = HttpAndJSONVM.swift; sourceTree = "<group>"; };
		C36BF8602577BB2000052F5B /* ILog.swift */ = {isa = PBXFileReference; lastKnownFileType = sourcecode.swift; path = ILog.swift; sourceTree = "<group>"; };
		C37DF303257A312C00775CF1 /* CustomIndicators.swift */ = {isa = PBXFileReference; lastKnownFileType = sourcecode.swift; path = CustomIndicators.swift; sourceTree = "<group>"; };
		C3A295D52581B76D00EA5B1B /* ReloadTest.swift */ = {isa = PBXFileReference; lastKnownFileType = sourcecode.swift; path = ReloadTest.swift; sourceTree = "<group>"; };
		C3A295D92581C70500EA5B1B /* RecyclerView.swift */ = {isa = PBXFileReference; lastKnownFileType = sourcecode.swift; path = RecyclerView.swift; sourceTree = "<group>"; };
		C3A295E22581E9E800EA5B1B /* SideMenuDemo.swift */ = {isa = PBXFileReference; lastKnownFileType = sourcecode.swift; path = SideMenuDemo.swift; sourceTree = "<group>"; };
		C3A295E92581FB6200EA5B1B /* SideMenuView.swift */ = {isa = PBXFileReference; lastKnownFileType = sourcecode.swift; path = SideMenuView.swift; sourceTree = "<group>"; };
		C3A295EE2582097600EA5B1B /* SpannedGridView.swift */ = {isa = PBXFileReference; lastKnownFileType = sourcecode.swift; path = SpannedGridView.swift; sourceTree = "<group>"; };
		C3B59E1825761D5F00140E4B /* EnviromentObject.swift */ = {isa = PBXFileReference; lastKnownFileType = sourcecode.swift; path = EnviromentObject.swift; sourceTree = "<group>"; };
		C3B59E1C25762AA000140E4B /* ObservedObjectCustomDemo.swift */ = {isa = PBXFileReference; lastKnownFileType = sourcecode.swift; path = ObservedObjectCustomDemo.swift; sourceTree = "<group>"; };
		C3B59E2025762ABD00140E4B /* ObservedObjectCustomDemoDetail.swift */ = {isa = PBXFileReference; lastKnownFileType = sourcecode.swift; path = ObservedObjectCustomDemoDetail.swift; sourceTree = "<group>"; };
		C3B59E2325762B0B00140E4B /* OOCDData.swift */ = {isa = PBXFileReference; lastKnownFileType = sourcecode.swift; path = OOCDData.swift; sourceTree = "<group>"; };
		C3B59E27257635B900140E4B /* EnviromentObjectCustomDemo.swift */ = {isa = PBXFileReference; lastKnownFileType = sourcecode.swift; path = EnviromentObjectCustomDemo.swift; sourceTree = "<group>"; };
		C3B59E2A257635CB00140E4B /* EOCDData.swift */ = {isa = PBXFileReference; lastKnownFileType = sourcecode.swift; path = EOCDData.swift; sourceTree = "<group>"; };
		C3B59E2D257635DA00140E4B /* EnviromentObjectCustomDemoDetail.swift */ = {isa = PBXFileReference; lastKnownFileType = sourcecode.swift; path = EnviromentObjectCustomDemoDetail.swift; sourceTree = "<group>"; };
		C3B59E352576402000140E4B /* CustomPropertyWrapper.swift */ = {isa = PBXFileReference; lastKnownFileType = sourcecode.swift; path = CustomPropertyWrapper.swift; sourceTree = "<group>"; };
		C3B59E392576405800140E4B /* WrappedValueDemo.swift */ = {isa = PBXFileReference; lastKnownFileType = sourcecode.swift; path = WrappedValueDemo.swift; sourceTree = "<group>"; };
		C3BAD1A425772E740072565A /* ExtensionCustomView.swift */ = {isa = PBXFileReference; lastKnownFileType = sourcecode.swift; path = ExtensionCustomView.swift; sourceTree = "<group>"; };
		C3BAD1EF257765A80072565A /* Country.swift */ = {isa = PBXFileReference; lastKnownFileType = sourcecode.swift; path = Country.swift; sourceTree = "<group>"; };
		C3BAD1F3257765C40072565A /* CountryView.swift */ = {isa = PBXFileReference; lastKnownFileType = sourcecode.swift; path = CountryView.swift; sourceTree = "<group>"; };
		C3BAD1F82577662D0072565A /* CountryVM.swift */ = {isa = PBXFileReference; lastKnownFileType = sourcecode.swift; path = CountryVM.swift; sourceTree = "<group>"; };
		C3C3A4C1257486490041F5D4 /* LayoutNavigationLink.swift */ = {isa = PBXFileReference; lastKnownFileType = sourcecode.swift; path = LayoutNavigationLink.swift; sourceTree = "<group>"; };
		C3C3A4C52574879D0041F5D4 /* LayoutNavigationLinkDetail.swift */ = {isa = PBXFileReference; lastKnownFileType = sourcecode.swift; path = LayoutNavigationLinkDetail.swift; sourceTree = "<group>"; };
		C3C3A4CB257488A00041F5D4 /* LayoutNavigationLinkM.swift */ = {isa = PBXFileReference; lastKnownFileType = sourcecode.swift; path = LayoutNavigationLinkM.swift; sourceTree = "<group>"; };
		C3C3A4CE2574890D0041F5D4 /* LayoutNavigationLinkMDetail.swift */ = {isa = PBXFileReference; lastKnownFileType = sourcecode.swift; path = LayoutNavigationLinkMDetail.swift; sourceTree = "<group>"; };
		C3C3A4D125748E7B0041F5D4 /* LayoutNavigationLinkMDetailOne.swift */ = {isa = PBXFileReference; lastKnownFileType = sourcecode.swift; path = LayoutNavigationLinkMDetailOne.swift; sourceTree = "<group>"; };
		C3C3A4D425748E850041F5D4 /* LayoutNavigationLinkMDetailTwo.swift */ = {isa = PBXFileReference; lastKnownFileType = sourcecode.swift; path = LayoutNavigationLinkMDetailTwo.swift; sourceTree = "<group>"; };
		C3C3A4D92574A63C0041F5D4 /* PropertyStateDemo.swift */ = {isa = PBXFileReference; lastKnownFileType = sourcecode.swift; path = PropertyStateDemo.swift; sourceTree = "<group>"; };
		C3C3A4DD2574A86E0041F5D4 /* PropertyBindingDemo.swift */ = {isa = PBXFileReference; lastKnownFileType = sourcecode.swift; path = PropertyBindingDemo.swift; sourceTree = "<group>"; };
		C3C3A4E22574B3E80041F5D4 /* PropertyObservedObjectDemo.swift */ = {isa = PBXFileReference; lastKnownFileType = sourcecode.swift; path = PropertyObservedObjectDemo.swift; sourceTree = "<group>"; };
		C3C3A4E62574B5710041F5D4 /* StopWatch.swift */ = {isa = PBXFileReference; lastKnownFileType = sourcecode.swift; path = StopWatch.swift; sourceTree = "<group>"; };
		C3C3A4EC2574BE150041F5D4 /* PropertyEnvironmentObjectDemo.swift */ = {isa = PBXFileReference; lastKnownFileType = sourcecode.swift; path = PropertyEnvironmentObjectDemo.swift; sourceTree = "<group>"; };
		C3C3A4EF2574C10B0041F5D4 /* UserSettings.swift */ = {isa = PBXFileReference; lastKnownFileType = sourcecode.swift; path = UserSettings.swift; sourceTree = "<group>"; };
		C3C3A4F32574C2DE0041F5D4 /* PropertyEnvironmentDemo.swift */ = {isa = PBXFileReference; lastKnownFileType = sourcecode.swift; path = PropertyEnvironmentDemo.swift; sourceTree = "<group>"; };
		C3C3A4F62574C9140041F5D4 /* LayoutPageNavigation.swift */ = {isa = PBXFileReference; lastKnownFileType = sourcecode.swift; path = LayoutPageNavigation.swift; sourceTree = "<group>"; };
		C3C3A4F92574CA8B0041F5D4 /* ObjectBinding.swift */ = {isa = PBXFileReference; lastKnownFileType = sourcecode.swift; path = ObjectBinding.swift; sourceTree = "<group>"; };
		C3C3A4FC2574CBA80041F5D4 /* LayoutShowModal.swift */ = {isa = PBXFileReference; lastKnownFileType = sourcecode.swift; path = LayoutShowModal.swift; sourceTree = "<group>"; };
		C3C3A5002574CC580041F5D4 /* LayoutShowAlert.swift */ = {isa = PBXFileReference; lastKnownFileType = sourcecode.swift; path = LayoutShowAlert.swift; sourceTree = "<group>"; };
		C3C3A5032574CE240041F5D4 /* LayoutActionSheet.swift */ = {isa = PBXFileReference; lastKnownFileType = sourcecode.swift; path = LayoutActionSheet.swift; sourceTree = "<group>"; };
		C3C3A5082574D5240041F5D4 /* PreviewDeviceDemo.swift */ = {isa = PBXFileReference; lastKnownFileType = sourcecode.swift; path = PreviewDeviceDemo.swift; sourceTree = "<group>"; };
		C3C3A50D2574D6050041F5D4 /* ColorSchemeLightAndDark .swift */ = {isa = PBXFileReference; lastKnownFileType = sourcecode.swift; path = "ColorSchemeLightAndDark .swift"; sourceTree = "<group>"; };
		C3C3A5102574D67E0041F5D4 /* NavigationBarTitle.swift */ = {isa = PBXFileReference; lastKnownFileType = sourcecode.swift; path = NavigationBarTitle.swift; sourceTree = "<group>"; };
		C3C3A5132574D6AB0041F5D4 /* NavigationItem.swift */ = {isa = PBXFileReference; lastKnownFileType = sourcecode.swift; path = NavigationItem.swift; sourceTree = "<group>"; };
		C3C3A5162574D7ED0041F5D4 /* ViewStyleModifier.swift */ = {isa = PBXFileReference; lastKnownFileType = sourcecode.swift; path = ViewStyleModifier.swift; sourceTree = "<group>"; };
/* End PBXFileReference section */

/* Begin PBXFrameworksBuildPhase section */
		C30B8DA825721464007CF79D /* Frameworks */ = {
			isa = PBXFrameworksBuildPhase;
			buildActionMask = 2147483647;
			files = (
				C36BF84C2577B1D900052F5B /* SwiftyJSON in Frameworks */,
				C36BF8502577B1ED00052F5B /* Alamofire in Frameworks */,
				C3A295F325820A1D00EA5B1B /* ExyteGrid in Frameworks */,
			);
			runOnlyForDeploymentPostprocessing = 0;
		};
/* End PBXFrameworksBuildPhase section */

/* Begin PBXGroup section */
		C30B8DA225721464007CF79D = {
			isa = PBXGroup;
			children = (
				C30B8DAD25721464007CF79D /* SHSwiftUICode */,
				C30B8DAC25721464007CF79D /* Products */,
			);
			sourceTree = "<group>";
		};
		C30B8DAC25721464007CF79D /* Products */ = {
			isa = PBXGroup;
			children = (
				C30B8DAB25721464007CF79D /* SHSwiftUICode.app */,
			);
			name = Products;
			sourceTree = "<group>";
		};
		C30B8DAD25721464007CF79D /* SHSwiftUICode */ = {
			isa = PBXGroup;
			children = (
				C36BF8442577B18D00052F5B /* Framework */,
				C3BAD1EA257765700072565A /* Template */,
				C3BAD1A325772E540072565A /* ExtensionCustomView */,
				C3C3A5072574D51A0041F5D4 /* Other */,
				C3C3A4D72574A6010041F5D4 /* Property */,
				C32F05D52573840D00E1A65A /* Layout */,
				C32F05CD25736D2000E1A65A /* Gesture */,
				C32F05A12573596200E1A65A /* Animation */,
				C30B8DC3257214B0007CF79D /* Basic */,
				C30B8DAE25721464007CF79D /* AppDelegate.swift */,
				C30B8DB025721464007CF79D /* SceneDelegate.swift */,
				C30B8DB225721464007CF79D /* ContentView.swift */,
				C30B8DB425721466007CF79D /* Assets.xcassets */,
				C30B8DB925721466007CF79D /* LaunchScreen.storyboard */,
				C30B8DBC25721466007CF79D /* Info.plist */,
				C30B8DB625721466007CF79D /* Preview Content */,
			);
			path = SHSwiftUICode;
			sourceTree = "<group>";
		};
		C30B8DB625721466007CF79D /* Preview Content */ = {
			isa = PBXGroup;
			children = (
				C30B8DB725721466007CF79D /* Preview Assets.xcassets */,
			);
			path = "Preview Content";
			sourceTree = "<group>";
		};
		C30B8DC3257214B0007CF79D /* Basic */ = {
			isa = PBXGroup;
			children = (
				C32F05AA25735F7900E1A65A /* MapView */,
				C32F05A925735F7100E1A65A /* WebView */,
				C30B8DC4257214CB007CF79D /* BasicText.swift */,
				C30B8DC725721535007CF79D /* BasicTextField.swift */,
				C30B8DCA2572155D007CF79D /* BasicButton.swift */,
				C30B8DCD25727127007CF79D /* BasicSpacer.swift */,
				C30B8DD025727270007CF79D /* BasicDivider.swift */,
				C30B8DD325727412007CF79D /* BasicImage.swift */,
				C30B8DD625727BEA007CF79D /* BasicPicker.swift */,
				C32F058A2573484000E1A65A /* BasicSlider.swift */,
				C32F058D25734BF400E1A65A /* BasicStepper.swift */,
				C32F059025734E6900E1A65A /* BasicSegment.swift */,
				C32F059325734FF000E1A65A /* BasicToggle.swift */,
				C32F05962573540B00E1A65A /* BasicBottomTab.swift */,
				C32F059E2573586200E1A65A /* BasicShape.swift */,
			);
			path = Basic;
			sourceTree = "<group>";
		};
		C30D561D25790F96000F18F1 /* CustomProgressView */ = {
			isa = PBXGroup;
			children = (
				C30D561E25790FAC000F18F1 /* CustomProgressView.swift */,
			);
			path = CustomProgressView;
			sourceTree = "<group>";
		};
		C32F05A12573596200E1A65A /* Animation */ = {
			isa = PBXGroup;
			children = (
				C32F05B12573601D00E1A65A /* AnimationScale.swift */,
				C32F05B4257364F500E1A65A /* AnimationOpacityLinear.swift */,
				C32F05B7257365AA00E1A65A /* AnimationOffsetEaseOut.swift */,
				C32F05BB2573662600E1A65A /* AnimationRotationEffectSpring.swift */,
				C32F05BE2573666300E1A65A /* AnimationCombinedAnimation.swift */,
				C32F05C12573675F00E1A65A /* AnimationSpeadAndDelay.swift */,
				C32F05C42573680200E1A65A /* AnimationRepeating.swift */,
				C32F05C72573685900E1A65A /* AnimationToggleVisibility.swift */,
				C32F05CA25736CE000E1A65A /* AnimationAsymmetricTransition.swift */,
			);
			path = Animation;
			sourceTree = "<group>";
		};
		C32F05A925735F7100E1A65A /* WebView */ = {
			isa = PBXGroup;
			children = (
				C32F05A225735BAA00E1A65A /* CustomWebView.swift */,
				C32F05A625735C9D00E1A65A /* BasicWebView.swift */,
			);
			path = WebView;
			sourceTree = "<group>";
		};
		C32F05AA25735F7900E1A65A /* MapView */ = {
			isa = PBXGroup;
			children = (
				C32F05AB25735F8800E1A65A /* CustomMapView.swift */,
				C32F05AE25735F9100E1A65A /* BasicMapView.swift */,
			);
			path = MapView;
			sourceTree = "<group>";
		};
		C32F05CD25736D2000E1A65A /* Gesture */ = {
			isa = PBXGroup;
			children = (
				C32F05CF25736E0600E1A65A /* GestureTap.swift */,
				C32F05D2257383CB00E1A65A /* LongPressGestureAndDragGesture.swift */,
			);
			path = Gesture;
			sourceTree = "<group>";
		};
		C32F05D52573840D00E1A65A /* Layout */ = {
			isa = PBXGroup;
			children = (
				C3C3A4CA2574887B0041F5D4 /* NavigationLink */,
				C3C3A4C4257487810041F5D4 /* NavigationLinkAndAutoGoBack */,
				C32F05D62573844900E1A65A /* LayoutBasic.swift */,
				C32F05D92573880600E1A65A /* LayoutList.swift */,
				C32F05DD2573ADD700E1A65A /* LayoutScroll.swift */,
				C32F05E02573B4D900E1A65A /* LayoutForm.swift */,
				C3C3A4F62574C9140041F5D4 /* LayoutPageNavigation.swift */,
				C3C3A4FC2574CBA80041F5D4 /* LayoutShowModal.swift */,
				C3C3A5002574CC580041F5D4 /* LayoutShowAlert.swift */,
				C3C3A5032574CE240041F5D4 /* LayoutActionSheet.swift */,
			);
			path = Layout;
			sourceTree = "<group>";
		};
		C33F3D3E258089DD000D5D01 /* RecyclerView */ = {
			isa = PBXGroup;
			children = (
				C3A295D42581B75900EA5B1B /* ReloadTest */,
				C33F3D552580AC1D000D5D01 /* LoadMoreTest */,
				C33F3D4525808AFC000D5D01 /* ViewModel */,
				C33F3D4425808AF4000D5D01 /* Model */,
				C33F3D4325808AEA000D5D01 /* View */,
			);
			path = RecyclerView;
			sourceTree = "<group>";
		};
		C33F3D4325808AEA000D5D01 /* View */ = {
			isa = PBXGroup;
			children = (
				C3A295D92581C70500EA5B1B /* RecyclerView.swift */,
			);
			path = View;
			sourceTree = "<group>";
		};
		C33F3D4425808AF4000D5D01 /* Model */ = {
			isa = PBXGroup;
			children = (
				C33F3D4625808B49000D5D01 /* RecyclerViewItemModel.swift */,
			);
			path = Model;
			sourceTree = "<group>";
		};
		C33F3D4525808AFC000D5D01 /* ViewModel */ = {
			isa = PBXGroup;
			children = (
				C33F3D4925808BB7000D5D01 /* RecyclerViewVM.swift */,
			);
			path = ViewModel;
			sourceTree = "<group>";
		};
		C33F3D552580AC1D000D5D01 /* LoadMoreTest */ = {
			isa = PBXGroup;
			children = (
				C33F3D562580AC39000D5D01 /* LoadMoreTest.swift */,
			);
			path = LoadMoreTest;
			sourceTree = "<group>";
		};
		C340D1F225791997004609AD /* Thread */ = {
			isa = PBXGroup;
			children = (
				C340D1F3257919A4004609AD /* ThreadUtil.swift */,
			);
			path = Thread;
			sourceTree = "<group>";
		};
		C36BF8442577B18D00052F5B /* Framework */ = {
			isa = PBXGroup;
			children = (
				C36BF8462577B19800052F5B /* Module */,
				C36BF8452577B19300052F5B /* Util */,
			);
			path = Framework;
			sourceTree = "<group>";
		};
		C36BF8452577B19300052F5B /* Util */ = {
			isa = PBXGroup;
			children = (
				C340D1F225791997004609AD /* Thread */,
				C36BF85F2577BB1000052F5B /* Debug */,
				C36BF8492577B1B600052F5B /* SwiftyJSON */,
			);
			path = Util;
			sourceTree = "<group>";
		};
		C36BF8462577B19800052F5B /* Module */ = {
			isa = PBXGroup;
			children = (
				C36BF8472577B1A300052F5B /* Alamofire */,
			);
			path = Module;
			sourceTree = "<group>";
		};
		C36BF8472577B1A300052F5B /* Alamofire */ = {
			isa = PBXGroup;
			children = (
			);
			path = Alamofire;
			sourceTree = "<group>";
		};
		C36BF8492577B1B600052F5B /* SwiftyJSON */ = {
			isa = PBXGroup;
			children = (
			);
			path = SwiftyJSON;
			sourceTree = "<group>";
		};
		C36BF8522577B21700052F5B /* HttpAndJSON */ = {
			isa = PBXGroup;
			children = (
				C36BF8532577B23000052F5B /* HttpAndJSONDemo.swift */,
				C36BF8582577B26F00052F5B /* HttpAndJSONModel.swift */,
				C36BF85C2577B27A00052F5B /* HttpAndJSONVM.swift */,
			);
			path = HttpAndJSON;
			sourceTree = "<group>";
		};
		C36BF85F2577BB1000052F5B /* Debug */ = {
			isa = PBXGroup;
			children = (
				C36BF8602577BB2000052F5B /* ILog.swift */,
			);
			path = Debug;
			sourceTree = "<group>";
		};
		C37DF302257A311800775CF1 /* CustomIndicators */ = {
			isa = PBXGroup;
			children = (
				C37DF303257A312C00775CF1 /* CustomIndicators.swift */,
			);
			path = CustomIndicators;
			sourceTree = "<group>";
		};
		C3A295D42581B75900EA5B1B /* ReloadTest */ = {
			isa = PBXGroup;
			children = (
				C3A295D52581B76D00EA5B1B /* ReloadTest.swift */,
			);
			path = ReloadTest;
			sourceTree = "<group>";
		};
		C3A295E12581E9D500EA5B1B /* SideMenu */ = {
			isa = PBXGroup;
			children = (
				C3A295E22581E9E800EA5B1B /* SideMenuDemo.swift */,
				C3A295E92581FB6200EA5B1B /* SideMenuView.swift */,
			);
			path = SideMenu;
			sourceTree = "<group>";
		};
		C3A295ED2582090C00EA5B1B /* SpannedGrid */ = {
			isa = PBXGroup;
			children = (
				C3A295EE2582097600EA5B1B /* SpannedGridView.swift */,
			);
			path = SpannedGrid;
			sourceTree = "<group>";
		};
		C3B59E1B25762A8400140E4B /* CustomDemo */ = {
			isa = PBXGroup;
			children = (
				C3B59E1C25762AA000140E4B /* ObservedObjectCustomDemo.swift */,
				C3B59E2025762ABD00140E4B /* ObservedObjectCustomDemoDetail.swift */,
				C3B59E2325762B0B00140E4B /* OOCDData.swift */,
			);
			path = CustomDemo;
			sourceTree = "<group>";
		};
		C3B59E26257635A000140E4B /* CustomDemo */ = {
			isa = PBXGroup;
			children = (
				C3B59E27257635B900140E4B /* EnviromentObjectCustomDemo.swift */,
				C3B59E2A257635CB00140E4B /* EOCDData.swift */,
				C3B59E2D257635DA00140E4B /* EnviromentObjectCustomDemoDetail.swift */,
			);
			path = CustomDemo;
			sourceTree = "<group>";
		};
		C3B59E3025763DD300140E4B /* PropertyWrapper */ = {
			isa = PBXGroup;
			children = (
				C3B59E352576402000140E4B /* CustomPropertyWrapper.swift */,
				C3B59E392576405800140E4B /* WrappedValueDemo.swift */,
			);
			path = PropertyWrapper;
			sourceTree = "<group>";
		};
		C3BAD1A325772E540072565A /* ExtensionCustomView */ = {
			isa = PBXGroup;
			children = (
				C3BAD1A425772E740072565A /* ExtensionCustomView.swift */,
			);
			path = ExtensionCustomView;
			sourceTree = "<group>";
		};
		C3BAD1EA257765700072565A /* Template */ = {
			isa = PBXGroup;
			children = (
				C3A295ED2582090C00EA5B1B /* SpannedGrid */,
				C3A295E12581E9D500EA5B1B /* SideMenu */,
				C33F3D3E258089DD000D5D01 /* RecyclerView */,
				C37DF302257A311800775CF1 /* CustomIndicators */,
				C30D561D25790F96000F18F1 /* CustomProgressView */,
				C36BF8522577B21700052F5B /* HttpAndJSON */,
				C3BAD1EB257765760072565A /* MVVMExample */,
			);
			path = Template;
			sourceTree = "<group>";
		};
		C3BAD1EB257765760072565A /* MVVMExample */ = {
			isa = PBXGroup;
			children = (
				C3BAD1EE257765920072565A /* ViewModel */,
				C3BAD1ED2577658D0072565A /* View */,
				C3BAD1EC257765860072565A /* Model */,
			);
			path = MVVMExample;
			sourceTree = "<group>";
		};
		C3BAD1EC257765860072565A /* Model */ = {
			isa = PBXGroup;
			children = (
				C3BAD1EF257765A80072565A /* Country.swift */,
			);
			path = Model;
			sourceTree = "<group>";
		};
		C3BAD1ED2577658D0072565A /* View */ = {
			isa = PBXGroup;
			children = (
				C3BAD1F3257765C40072565A /* CountryView.swift */,
			);
			path = View;
			sourceTree = "<group>";
		};
		C3BAD1EE257765920072565A /* ViewModel */ = {
			isa = PBXGroup;
			children = (
				C3BAD1F82577662D0072565A /* CountryVM.swift */,
			);
			path = ViewModel;
			sourceTree = "<group>";
		};
		C3C3A4C4257487810041F5D4 /* NavigationLinkAndAutoGoBack */ = {
			isa = PBXGroup;
			children = (
				C3C3A4C1257486490041F5D4 /* LayoutNavigationLink.swift */,
				C3C3A4C52574879D0041F5D4 /* LayoutNavigationLinkDetail.swift */,
			);
			path = NavigationLinkAndAutoGoBack;
			sourceTree = "<group>";
		};
		C3C3A4CA2574887B0041F5D4 /* NavigationLink */ = {
			isa = PBXGroup;
			children = (
				C3C3A4CB257488A00041F5D4 /* LayoutNavigationLinkM.swift */,
				C3C3A4CE2574890D0041F5D4 /* LayoutNavigationLinkMDetail.swift */,
				C3C3A4D125748E7B0041F5D4 /* LayoutNavigationLinkMDetailOne.swift */,
				C3C3A4D425748E850041F5D4 /* LayoutNavigationLinkMDetailTwo.swift */,
			);
			path = NavigationLink;
			sourceTree = "<group>";
		};
		C3C3A4D72574A6010041F5D4 /* Property */ = {
			isa = PBXGroup;
			children = (
				C3B59E3025763DD300140E4B /* PropertyWrapper */,
				C3C3A4F22574C2C20041F5D4 /* PropertyEnvironment */,
				C3C3A4EB2574BE010041F5D4 /* PropertyEnvironmentObject */,
				C3C3A4E02574B3CC0041F5D4 /* PropertyObservedObject */,
				C3C3A4DC2574A85B0041F5D4 /* PropertyBinding */,
				C3C3A4D82574A6200041F5D4 /* PropertyState */,
			);
			path = Property;
			sourceTree = "<group>";
		};
		C3C3A4D82574A6200041F5D4 /* PropertyState */ = {
			isa = PBXGroup;
			children = (
				C3C3A4D92574A63C0041F5D4 /* PropertyStateDemo.swift */,
			);
			path = PropertyState;
			sourceTree = "<group>";
		};
		C3C3A4DC2574A85B0041F5D4 /* PropertyBinding */ = {
			isa = PBXGroup;
			children = (
				C3C3A4DD2574A86E0041F5D4 /* PropertyBindingDemo.swift */,
			);
			path = PropertyBinding;
			sourceTree = "<group>";
		};
		C3C3A4E02574B3CC0041F5D4 /* PropertyObservedObject */ = {
			isa = PBXGroup;
			children = (
				C3B59E1B25762A8400140E4B /* CustomDemo */,
				C3C3A4F92574CA8B0041F5D4 /* ObjectBinding.swift */,
				C3C3A4E22574B3E80041F5D4 /* PropertyObservedObjectDemo.swift */,
				C3C3A4E62574B5710041F5D4 /* StopWatch.swift */,
			);
			path = PropertyObservedObject;
			sourceTree = "<group>";
		};
		C3C3A4EB2574BE010041F5D4 /* PropertyEnvironmentObject */ = {
			isa = PBXGroup;
			children = (
				C3B59E26257635A000140E4B /* CustomDemo */,
				C3C3A4EC2574BE150041F5D4 /* PropertyEnvironmentObjectDemo.swift */,
				C3C3A4EF2574C10B0041F5D4 /* UserSettings.swift */,
				C3B59E1825761D5F00140E4B /* EnviromentObject.swift */,
			);
			path = PropertyEnvironmentObject;
			sourceTree = "<group>";
		};
		C3C3A4F22574C2C20041F5D4 /* PropertyEnvironment */ = {
			isa = PBXGroup;
			children = (
				C3C3A4F32574C2DE0041F5D4 /* PropertyEnvironmentDemo.swift */,
			);
			path = PropertyEnvironment;
			sourceTree = "<group>";
		};
		C3C3A5072574D51A0041F5D4 /* Other */ = {
			isa = PBXGroup;
			children = (
				C3C3A5082574D5240041F5D4 /* PreviewDeviceDemo.swift */,
				C3C3A50D2574D6050041F5D4 /* ColorSchemeLightAndDark .swift */,
				C3C3A5102574D67E0041F5D4 /* NavigationBarTitle.swift */,
				C3C3A5132574D6AB0041F5D4 /* NavigationItem.swift */,
				C3C3A5162574D7ED0041F5D4 /* ViewStyleModifier.swift */,
			);
			path = Other;
			sourceTree = "<group>";
		};
/* End PBXGroup section */

/* Begin PBXNativeTarget section */
		C30B8DAA25721464007CF79D /* SHSwiftUICode */ = {
			isa = PBXNativeTarget;
			buildConfigurationList = C30B8DBF25721466007CF79D /* Build configuration list for PBXNativeTarget "SHSwiftUICode" */;
			buildPhases = (
				C30B8DA725721464007CF79D /* Sources */,
				C30B8DA825721464007CF79D /* Frameworks */,
				C30B8DA925721464007CF79D /* Resources */,
			);
			buildRules = (
			);
			dependencies = (
			);
			name = SHSwiftUICode;
			packageProductDependencies = (
				C36BF84B2577B1D900052F5B /* SwiftyJSON */,
				C36BF84F2577B1ED00052F5B /* Alamofire */,
				C3A295F225820A1D00EA5B1B /* ExyteGrid */,
			);
			productName = SHSwiftUICode;
			productReference = C30B8DAB25721464007CF79D /* SHSwiftUICode.app */;
			productType = "com.apple.product-type.application";
		};
/* End PBXNativeTarget section */

/* Begin PBXProject section */
		C30B8DA325721464007CF79D /* Project object */ = {
			isa = PBXProject;
			attributes = {
				LastSwiftUpdateCheck = 1220;
				LastUpgradeCheck = 1220;
				TargetAttributes = {
					C30B8DAA25721464007CF79D = {
						CreatedOnToolsVersion = 12.2;
					};
				};
			};
			buildConfigurationList = C30B8DA625721464007CF79D /* Build configuration list for PBXProject "SHSwiftUICode" */;
			compatibilityVersion = "Xcode 9.3";
			developmentRegion = en;
			hasScannedForEncodings = 0;
			knownRegions = (
				en,
				Base,
			);
			mainGroup = C30B8DA225721464007CF79D;
			packageReferences = (
				C36BF84A2577B1D900052F5B /* XCRemoteSwiftPackageReference "SwiftyJSON" */,
				C36BF84E2577B1ED00052F5B /* XCRemoteSwiftPackageReference "Alamofire" */,
				C3A295F125820A1D00EA5B1B /* XCRemoteSwiftPackageReference "Grid" */,
			);
			productRefGroup = C30B8DAC25721464007CF79D /* Products */;
			projectDirPath = "";
			projectRoot = "";
			targets = (
				C30B8DAA25721464007CF79D /* SHSwiftUICode */,
			);
		};
/* End PBXProject section */

/* Begin PBXResourcesBuildPhase section */
		C30B8DA925721464007CF79D /* Resources */ = {
			isa = PBXResourcesBuildPhase;
			buildActionMask = 2147483647;
			files = (
				C30B8DBB25721466007CF79D /* LaunchScreen.storyboard in Resources */,
				C30B8DB825721466007CF79D /* Preview Assets.xcassets in Resources */,
				C30B8DB525721466007CF79D /* Assets.xcassets in Resources */,
			);
			runOnlyForDeploymentPostprocessing = 0;
		};
/* End PBXResourcesBuildPhase section */

/* Begin PBXSourcesBuildPhase section */
		C30B8DA725721464007CF79D /* Sources */ = {
			isa = PBXSourcesBuildPhase;
			buildActionMask = 2147483647;
			files = (
				C32F05A325735BAA00E1A65A /* CustomWebView.swift in Sources */,
				C3B59E3A2576405800140E4B /* WrappedValueDemo.swift in Sources */,
				C3C3A4DA2574A63C0041F5D4 /* PropertyStateDemo.swift in Sources */,
				C3BAD1F92577662D0072565A /* CountryVM.swift in Sources */,
				C32F05E12573B4D900E1A65A /* LayoutForm.swift in Sources */,
				C32F05AC25735F8800E1A65A /* CustomMapView.swift in Sources */,
				C3C3A4D525748E850041F5D4 /* LayoutNavigationLinkMDetailTwo.swift in Sources */,
				C3C3A4E72574B5710041F5D4 /* StopWatch.swift in Sources */,
				C30B8DCB2572155D007CF79D /* BasicButton.swift in Sources */,
				C30B8DCE25727127007CF79D /* BasicSpacer.swift in Sources */,
				C3C3A4D225748E7B0041F5D4 /* LayoutNavigationLinkMDetailOne.swift in Sources */,
				C36BF8592577B26F00052F5B /* HttpAndJSONModel.swift in Sources */,
				C3C3A5142574D6AB0041F5D4 /* NavigationItem.swift in Sources */,
				C36BF8542577B23000052F5B /* HttpAndJSONDemo.swift in Sources */,
				C3B59E2425762B0B00140E4B /* OOCDData.swift in Sources */,
				C3C3A5042574CE240041F5D4 /* LayoutActionSheet.swift in Sources */,
				C3C3A5172574D7ED0041F5D4 /* ViewStyleModifier.swift in Sources */,
				C32F05C52573680200E1A65A /* AnimationRepeating.swift in Sources */,
				C3C3A4DE2574A86E0041F5D4 /* PropertyBindingDemo.swift in Sources */,
				C3C3A5092574D5240041F5D4 /* PreviewDeviceDemo.swift in Sources */,
				C32F059425734FF000E1A65A /* BasicToggle.swift in Sources */,
				C32F05BF2573666300E1A65A /* AnimationCombinedAnimation.swift in Sources */,
				C32F05C22573675F00E1A65A /* AnimationSpeadAndDelay.swift in Sources */,
				C32F05A725735C9D00E1A65A /* BasicWebView.swift in Sources */,
				C30B8DAF25721464007CF79D /* AppDelegate.swift in Sources */,
				C32F05CB25736CE000E1A65A /* AnimationAsymmetricTransition.swift in Sources */,
				C32F059125734E6900E1A65A /* BasicSegment.swift in Sources */,
				C3C3A4F02574C10B0041F5D4 /* UserSettings.swift in Sources */,
				C32F05D72573844900E1A65A /* LayoutBasic.swift in Sources */,
				C32F05B22573601D00E1A65A /* AnimationScale.swift in Sources */,
				C32F05C82573685900E1A65A /* AnimationToggleVisibility.swift in Sources */,
				C33F3D572580AC39000D5D01 /* LoadMoreTest.swift in Sources */,
				C3BAD1F0257765A80072565A /* Country.swift in Sources */,
				C3C3A4FD2574CBA80041F5D4 /* LayoutShowModal.swift in Sources */,
				C3C3A4E32574B3E80041F5D4 /* PropertyObservedObjectDemo.swift in Sources */,
				C3C3A4F42574C2DE0041F5D4 /* PropertyEnvironmentDemo.swift in Sources */,
				C36BF8612577BB2000052F5B /* ILog.swift in Sources */,
				C33F3D4725808B49000D5D01 /* RecyclerViewItemModel.swift in Sources */,
				C32F05B5257364F500E1A65A /* AnimationOpacityLinear.swift in Sources */,
				C32F05DE2573ADD700E1A65A /* LayoutScroll.swift in Sources */,
				C3C3A5012574CC580041F5D4 /* LayoutShowAlert.swift in Sources */,
				C32F058B2573484000E1A65A /* BasicSlider.swift in Sources */,
				C30B8DC5257214CB007CF79D /* BasicText.swift in Sources */,
				C32F05D025736E0600E1A65A /* GestureTap.swift in Sources */,
				C3A295E32581E9E800EA5B1B /* SideMenuDemo.swift in Sources */,
				C33F3D4A25808BB7000D5D01 /* RecyclerViewVM.swift in Sources */,
				C3C3A4CF2574890D0041F5D4 /* LayoutNavigationLinkMDetail.swift in Sources */,
				C3C3A4ED2574BE150041F5D4 /* PropertyEnvironmentObjectDemo.swift in Sources */,
				C30B8DD425727412007CF79D /* BasicImage.swift in Sources */,
				C30B8DB125721464007CF79D /* SceneDelegate.swift in Sources */,
				C37DF304257A312C00775CF1 /* CustomIndicators.swift in Sources */,
				C32F05BC2573662600E1A65A /* AnimationRotationEffectSpring.swift in Sources */,
				C3A295EA2581FB6200EA5B1B /* SideMenuView.swift in Sources */,
				C30B8DD725727BEA007CF79D /* BasicPicker.swift in Sources */,
				C3BAD1A525772E740072565A /* ExtensionCustomView.swift in Sources */,
				C30B8DB325721464007CF79D /* ContentView.swift in Sources */,
				C32F05B8257365AA00E1A65A /* AnimationOffsetEaseOut.swift in Sources */,
				C3C3A4CC257488A00041F5D4 /* LayoutNavigationLinkM.swift in Sources */,
				C3C3A50E2574D6050041F5D4 /* ColorSchemeLightAndDark .swift in Sources */,
				C30B8DD125727270007CF79D /* BasicDivider.swift in Sources */,
				C32F05972573540B00E1A65A /* BasicBottomTab.swift in Sources */,
				C3A295DA2581C70500EA5B1B /* RecyclerView.swift in Sources */,
				C3C3A4C2257486490041F5D4 /* LayoutNavigationLink.swift in Sources */,
				C3B59E2E257635DA00140E4B /* EnviromentObjectCustomDemoDetail.swift in Sources */,
				C32F05DA2573880600E1A65A /* LayoutList.swift in Sources */,
				C3C3A4F72574C9140041F5D4 /* LayoutPageNavigation.swift in Sources */,
				C30D561F25790FAC000F18F1 /* CustomProgressView.swift in Sources */,
				C3B59E362576402000140E4B /* CustomPropertyWrapper.swift in Sources */,
				C3A295D62581B76D00EA5B1B /* ReloadTest.swift in Sources */,
				C32F05D3257383CB00E1A65A /* LongPressGestureAndDragGesture.swift in Sources */,
				C36BF85D2577B27A00052F5B /* HttpAndJSONVM.swift in Sources */,
				C32F05AF25735F9100E1A65A /* BasicMapView.swift in Sources */,
				C3C3A5112574D67E0041F5D4 /* NavigationBarTitle.swift in Sources */,
				C32F058E25734BF400E1A65A /* BasicStepper.swift in Sources */,
				C3B59E1D25762AA000140E4B /* ObservedObjectCustomDemo.swift in Sources */,
				C3B59E1925761D5F00140E4B /* EnviromentObject.swift in Sources */,
				C3C3A4FA2574CA8B0041F5D4 /* ObjectBinding.swift in Sources */,
				C3BAD1F4257765C40072565A /* CountryView.swift in Sources */,
				C3B59E2125762ABD00140E4B /* ObservedObjectCustomDemoDetail.swift in Sources */,
				C340D1F4257919A4004609AD /* ThreadUtil.swift in Sources */,
				C32F059F2573586200E1A65A /* BasicShape.swift in Sources */,
				C30B8DC825721535007CF79D /* BasicTextField.swift in Sources */,
				C3A295EF2582097600EA5B1B /* SpannedGridView.swift in Sources */,
				C3C3A4C62574879D0041F5D4 /* LayoutNavigationLinkDetail.swift in Sources */,
				C3B59E2B257635CB00140E4B /* EOCDData.swift in Sources */,
				C3B59E28257635B900140E4B /* EnviromentObjectCustomDemo.swift in Sources */,
			);
			runOnlyForDeploymentPostprocessing = 0;
		};
/* End PBXSourcesBuildPhase section */

/* Begin PBXVariantGroup section */
		C30B8DB925721466007CF79D /* LaunchScreen.storyboard */ = {
			isa = PBXVariantGroup;
			children = (
				C30B8DBA25721466007CF79D /* Base */,
			);
			name = LaunchScreen.storyboard;
			sourceTree = "<group>";
		};
/* End PBXVariantGroup section */

/* Begin XCBuildConfiguration section */
		C30B8DBD25721466007CF79D /* Debug */ = {
			isa = XCBuildConfiguration;
			buildSettings = {
				ALWAYS_SEARCH_USER_PATHS = NO;
				CLANG_ANALYZER_NONNULL = YES;
				CLANG_ANALYZER_NUMBER_OBJECT_CONVERSION = YES_AGGRESSIVE;
				CLANG_CXX_LANGUAGE_STANDARD = "gnu++14";
				CLANG_CXX_LIBRARY = "libc++";
				CLANG_ENABLE_MODULES = YES;
				CLANG_ENABLE_OBJC_ARC = YES;
				CLANG_ENABLE_OBJC_WEAK = YES;
				CLANG_WARN_BLOCK_CAPTURE_AUTORELEASING = YES;
				CLANG_WARN_BOOL_CONVERSION = YES;
				CLANG_WARN_COMMA = YES;
				CLANG_WARN_CONSTANT_CONVERSION = YES;
				CLANG_WARN_DEPRECATED_OBJC_IMPLEMENTATIONS = YES;
				CLANG_WARN_DIRECT_OBJC_ISA_USAGE = YES_ERROR;
				CLANG_WARN_DOCUMENTATION_COMMENTS = YES;
				CLANG_WARN_EMPTY_BODY = YES;
				CLANG_WARN_ENUM_CONVERSION = YES;
				CLANG_WARN_INFINITE_RECURSION = YES;
				CLANG_WARN_INT_CONVERSION = YES;
				CLANG_WARN_NON_LITERAL_NULL_CONVERSION = YES;
				CLANG_WARN_OBJC_IMPLICIT_RETAIN_SELF = YES;
				CLANG_WARN_OBJC_LITERAL_CONVERSION = YES;
				CLANG_WARN_OBJC_ROOT_CLASS = YES_ERROR;
				CLANG_WARN_QUOTED_INCLUDE_IN_FRAMEWORK_HEADER = YES;
				CLANG_WARN_RANGE_LOOP_ANALYSIS = YES;
				CLANG_WARN_STRICT_PROTOTYPES = YES;
				CLANG_WARN_SUSPICIOUS_MOVE = YES;
				CLANG_WARN_UNGUARDED_AVAILABILITY = YES_AGGRESSIVE;
				CLANG_WARN_UNREACHABLE_CODE = YES;
				CLANG_WARN__DUPLICATE_METHOD_MATCH = YES;
				COPY_PHASE_STRIP = NO;
				DEBUG_INFORMATION_FORMAT = dwarf;
				ENABLE_STRICT_OBJC_MSGSEND = YES;
				ENABLE_TESTABILITY = YES;
				GCC_C_LANGUAGE_STANDARD = gnu11;
				GCC_DYNAMIC_NO_PIC = NO;
				GCC_NO_COMMON_BLOCKS = YES;
				GCC_OPTIMIZATION_LEVEL = 0;
				GCC_PREPROCESSOR_DEFINITIONS = (
					"DEBUG=1",
					"$(inherited)",
				);
				GCC_WARN_64_TO_32_BIT_CONVERSION = YES;
				GCC_WARN_ABOUT_RETURN_TYPE = YES_ERROR;
				GCC_WARN_UNDECLARED_SELECTOR = YES;
				GCC_WARN_UNINITIALIZED_AUTOS = YES_AGGRESSIVE;
				GCC_WARN_UNUSED_FUNCTION = YES;
				GCC_WARN_UNUSED_VARIABLE = YES;
				IPHONEOS_DEPLOYMENT_TARGET = 13.0;
				MTL_ENABLE_DEBUG_INFO = INCLUDE_SOURCE;
				MTL_FAST_MATH = YES;
				ONLY_ACTIVE_ARCH = YES;
				SDKROOT = iphoneos;
				SWIFT_ACTIVE_COMPILATION_CONDITIONS = DEBUG;
				SWIFT_OPTIMIZATION_LEVEL = "-Onone";
			};
			name = Debug;
		};
		C30B8DBE25721466007CF79D /* Release */ = {
			isa = XCBuildConfiguration;
			buildSettings = {
				ALWAYS_SEARCH_USER_PATHS = NO;
				CLANG_ANALYZER_NONNULL = YES;
				CLANG_ANALYZER_NUMBER_OBJECT_CONVERSION = YES_AGGRESSIVE;
				CLANG_CXX_LANGUAGE_STANDARD = "gnu++14";
				CLANG_CXX_LIBRARY = "libc++";
				CLANG_ENABLE_MODULES = YES;
				CLANG_ENABLE_OBJC_ARC = YES;
				CLANG_ENABLE_OBJC_WEAK = YES;
				CLANG_WARN_BLOCK_CAPTURE_AUTORELEASING = YES;
				CLANG_WARN_BOOL_CONVERSION = YES;
				CLANG_WARN_COMMA = YES;
				CLANG_WARN_CONSTANT_CONVERSION = YES;
				CLANG_WARN_DEPRECATED_OBJC_IMPLEMENTATIONS = YES;
				CLANG_WARN_DIRECT_OBJC_ISA_USAGE = YES_ERROR;
				CLANG_WARN_DOCUMENTATION_COMMENTS = YES;
				CLANG_WARN_EMPTY_BODY = YES;
				CLANG_WARN_ENUM_CONVERSION = YES;
				CLANG_WARN_INFINITE_RECURSION = YES;
				CLANG_WARN_INT_CONVERSION = YES;
				CLANG_WARN_NON_LITERAL_NULL_CONVERSION = YES;
				CLANG_WARN_OBJC_IMPLICIT_RETAIN_SELF = YES;
				CLANG_WARN_OBJC_LITERAL_CONVERSION = YES;
				CLANG_WARN_OBJC_ROOT_CLASS = YES_ERROR;
				CLANG_WARN_QUOTED_INCLUDE_IN_FRAMEWORK_HEADER = YES;
				CLANG_WARN_RANGE_LOOP_ANALYSIS = YES;
				CLANG_WARN_STRICT_PROTOTYPES = YES;
				CLANG_WARN_SUSPICIOUS_MOVE = YES;
				CLANG_WARN_UNGUARDED_AVAILABILITY = YES_AGGRESSIVE;
				CLANG_WARN_UNREACHABLE_CODE = YES;
				CLANG_WARN__DUPLICATE_METHOD_MATCH = YES;
				COPY_PHASE_STRIP = NO;
				DEBUG_INFORMATION_FORMAT = "dwarf-with-dsym";
				ENABLE_NS_ASSERTIONS = NO;
				ENABLE_STRICT_OBJC_MSGSEND = YES;
				GCC_C_LANGUAGE_STANDARD = gnu11;
				GCC_NO_COMMON_BLOCKS = YES;
				GCC_WARN_64_TO_32_BIT_CONVERSION = YES;
				GCC_WARN_ABOUT_RETURN_TYPE = YES_ERROR;
				GCC_WARN_UNDECLARED_SELECTOR = YES;
				GCC_WARN_UNINITIALIZED_AUTOS = YES_AGGRESSIVE;
				GCC_WARN_UNUSED_FUNCTION = YES;
				GCC_WARN_UNUSED_VARIABLE = YES;
				IPHONEOS_DEPLOYMENT_TARGET = 13.0;
				MTL_ENABLE_DEBUG_INFO = NO;
				MTL_FAST_MATH = YES;
				SDKROOT = iphoneos;
				SWIFT_COMPILATION_MODE = wholemodule;
				SWIFT_OPTIMIZATION_LEVEL = "-O";
				VALIDATE_PRODUCT = YES;
			};
			name = Release;
		};
		C30B8DC025721466007CF79D /* Debug */ = {
			isa = XCBuildConfiguration;
			buildSettings = {
				ASSETCATALOG_COMPILER_APPICON_NAME = AppIcon;
				ASSETCATALOG_COMPILER_GLOBAL_ACCENT_COLOR_NAME = AccentColor;
				CODE_SIGN_STYLE = Automatic;
				DEAD_CODE_STRIPPING = NO;
				DEVELOPMENT_ASSET_PATHS = "\"SHSwiftUICode/Preview Content\"";
				DEVELOPMENT_TEAM = DU98VK6D82;
				ENABLE_PREVIEWS = YES;
				INFOPLIST_FILE = SHSwiftUICode/Info.plist;
				LD_RUNPATH_SEARCH_PATHS = (
					"$(inherited)",
					"@executable_path/Frameworks",
				);
				PRODUCT_BUNDLE_IDENTIFIER = com.swein.swiftuicode.SHSwiftUICode;
				PRODUCT_NAME = "$(TARGET_NAME)";
				SWIFT_VERSION = 5.0;
				TARGETED_DEVICE_FAMILY = "1,2";
			};
			name = Debug;
		};
		C30B8DC125721466007CF79D /* Release */ = {
			isa = XCBuildConfiguration;
			buildSettings = {
				ASSETCATALOG_COMPILER_APPICON_NAME = AppIcon;
				ASSETCATALOG_COMPILER_GLOBAL_ACCENT_COLOR_NAME = AccentColor;
				CODE_SIGN_STYLE = Automatic;
				DEAD_CODE_STRIPPING = NO;
				DEVELOPMENT_ASSET_PATHS = "\"SHSwiftUICode/Preview Content\"";
				DEVELOPMENT_TEAM = DU98VK6D82;
				ENABLE_PREVIEWS = YES;
				INFOPLIST_FILE = SHSwiftUICode/Info.plist;
				LD_RUNPATH_SEARCH_PATHS = (
					"$(inherited)",
					"@executable_path/Frameworks",
				);
				PRODUCT_BUNDLE_IDENTIFIER = com.swein.swiftuicode.SHSwiftUICode;
				PRODUCT_NAME = "$(TARGET_NAME)";
				SWIFT_VERSION = 5.0;
				TARGETED_DEVICE_FAMILY = "1,2";
			};
			name = Release;
		};
/* End XCBuildConfiguration section */

/* Begin XCConfigurationList section */
		C30B8DA625721464007CF79D /* Build configuration list for PBXProject "SHSwiftUICode" */ = {
			isa = XCConfigurationList;
			buildConfigurations = (
				C30B8DBD25721466007CF79D /* Debug */,
				C30B8DBE25721466007CF79D /* Release */,
			);
			defaultConfigurationIsVisible = 0;
			defaultConfigurationName = Release;
		};
		C30B8DBF25721466007CF79D /* Build configuration list for PBXNativeTarget "SHSwiftUICode" */ = {
			isa = XCConfigurationList;
			buildConfigurations = (
				C30B8DC025721466007CF79D /* Debug */,
				C30B8DC125721466007CF79D /* Release */,
			);
			defaultConfigurationIsVisible = 0;
			defaultConfigurationName = Release;
		};
/* End XCConfigurationList section */

/* Begin XCRemoteSwiftPackageReference section */
		C36BF84A2577B1D900052F5B /* XCRemoteSwiftPackageReference "SwiftyJSON" */ = {
			isa = XCRemoteSwiftPackageReference;
			repositoryURL = "https://github.com/SwiftyJSON/SwiftyJSON.git";
			requirement = {
				kind = upToNextMajorVersion;
				minimumVersion = 5.0.0;
			};
		};
		C36BF84E2577B1ED00052F5B /* XCRemoteSwiftPackageReference "Alamofire" */ = {
			isa = XCRemoteSwiftPackageReference;
			repositoryURL = "https://github.com/Alamofire/Alamofire.git";
			requirement = {
				kind = upToNextMajorVersion;
				minimumVersion = 5.4.0;
			};
		};
		C3A295F125820A1D00EA5B1B /* XCRemoteSwiftPackageReference "Grid" */ = {
			isa = XCRemoteSwiftPackageReference;
			repositoryURL = "https://github.com/exyte/Grid";
			requirement = {
				kind = upToNextMajorVersion;
				minimumVersion = 0.1.0;
			};
		};
/* End XCRemoteSwiftPackageReference section */

/* Begin XCSwiftPackageProductDependency section */
		C36BF84B2577B1D900052F5B /* SwiftyJSON */ = {
			isa = XCSwiftPackageProductDependency;
			package = C36BF84A2577B1D900052F5B /* XCRemoteSwiftPackageReference "SwiftyJSON" */;
			productName = SwiftyJSON;
		};
		C36BF84F2577B1ED00052F5B /* Alamofire */ = {
			isa = XCSwiftPackageProductDependency;
			package = C36BF84E2577B1ED00052F5B /* XCRemoteSwiftPackageReference "Alamofire" */;
			productName = Alamofire;
		};
		C3A295F225820A1D00EA5B1B /* ExyteGrid */ = {
			isa = XCSwiftPackageProductDependency;
			package = C3A295F125820A1D00EA5B1B /* XCRemoteSwiftPackageReference "Grid" */;
			productName = ExyteGrid;
		};
/* End XCSwiftPackageProductDependency section */
	};
	rootObject = C30B8DA325721464007CF79D /* Project object */;
}
